
Microsoft Visual Studio Solution File, Format Version 12.00
# Visual Studio 15
VisualStudioVersion = 15.0.28307.489
MinimumVisualStudioVersion = 10.0.40219.1
Project("{FAE04EC0-301F-11D3-BF4B-00C04F79EFBC}") = "CircalArea", "CircalArea\CircalArea.csproj", "{D9FADEE0-A72C-4FB6-93A1-B13656A761F1}"
EndProject
Project("{FAE04EC0-301F-11D3-BF4B-00C04F79EFBC}") = "TriangleArea", "TriangleArea\TriangleArea.csproj", "{C6876B02-D5FA-46EA-AF50-C21770EB94DC}"
EndProject
Project("{FAE04EC0-301F-11D3-BF4B-00C04F79EFBC}") = "ClsiusToFarenhait", "ClsiusToFarenhait\ClsiusToFarenhait.csproj", "{47BB8EAE-CAA3-4EDA-A805-02D426AE3392}"
EndProject
Project("{FAE04EC0-301F-11D3-BF4B-00C04F79EFBC}") = "HelloName", "HelloName\HelloName.csproj", "{147C75D0-17FB-4A60-9D3E-C526738AF1A0}"
EndProject
Project("{FAE04EC0-301F-11D3-BF4B-00C04F79EFBC}") = "TextAndNumbers", "TextAndNumbers\TextAndNumbers.csproj", "{8889A5B9-8B06-4903-B93B-091785BF7680}"
EndProject
Project("{FAE04EC0-301F-11D3-BF4B-00C04F79EFBC}") = "SqereArea", "SqereArea\SqereArea.csproj", "{6564F429-1836-49AA-BD68-58CC1BA25689}"
EndProject
Project("{FAE04EC0-301F-11D3-BF4B-00C04F79EFBC}") = "InchesToCentimetars", "InchesToCentimetars\InchesToCentimetars.csproj", "{8CFE9D6C-76D2-49BF-98B6-10F0AE56D6B8}"
EndProject
Project("{FAE04EC0-301F-11D3-BF4B-00C04F79EFBC}") = "TrapeziodArea", "TrapeziodArea\TrapeziodArea.csproj", "{D55FF550-E81D-467E-93BA-FF51072E5989}"
EndProject
Project("{FAE04EC0-301F-11D3-BF4B-00C04F79EFBC}") = "AquariumVolumeWater", "AquariumVolumeWater\AquariumVolumeWater.csproj", "{E6D7790C-679E-422A-9D28-A3883F316A72}"
EndProject
Project("{FAE04EC0-301F-11D3-BF4B-00C04F79EFBC}") = "Green", "Green\Green.csproj", "{F62A9252-AC5A-482A-91A4-5E57717CA351}"
EndProject
Project("{FAE04EC0-301F-11D3-BF4B-00C04F79EFBC}") = "ZoomagazinPetShop", "ZoomagazinPetShop\ZoomagazinPetShop.csproj", "{B20F4843-9567-4172-A2A4-B22A430ABCC4}"
EndProject
Project("{FAE04EC0-301F-11D3-BF4B-00C04F79EFBC}") = "ProdjectCreation", "ProdjectCreation\ProdjectCreation.csproj", "{F3CADDA5-23B2-4C56-B413-7B6D06CFA59A}"
EndProject
Global
	GlobalSection(SolutionConfigurationPlatforms) = preSolution
		Debug|Any CPU = Debug|Any CPU
		Release|Any CPU = Release|Any CPU
	EndGlobalSection
	GlobalSection(ProjectConfigurationPlatforms) = postSolution
		{D9FADEE0-A72C-4FB6-93A1-B13656A761F1}.Debug|Any CPU.ActiveCfg = Debug|Any CPU
		{D9FADEE0-A72C-4FB6-93A1-B13656A761F1}.Debug|Any CPU.Build.0 = Debug|Any CPU
		{D9FADEE0-A72C-4FB6-93A1-B13656A761F1}.Release|Any CPU.ActiveCfg = Release|Any CPU
		{D9FADEE0-A72C-4FB6-93A1-B13656A761F1}.Release|Any CPU.Build.0 = Release|Any CPU
		{C6876B02-D5FA-46EA-AF50-C21770EB94DC}.Debug|Any CPU.ActiveCfg = Debug|Any CPU
		{C6876B02-D5FA-46EA-AF50-C21770EB94DC}.Debug|Any CPU.Build.0 = Debug|Any CPU
		{C6876B02-D5FA-46EA-AF50-C21770EB94DC}.Release|Any CPU.ActiveCfg = Release|Any CPU
		{C6876B02-D5FA-46EA-AF50-C21770EB94DC}.Release|Any CPU.Build.0 = Release|Any CPU
		{47BB8EAE-CAA3-4EDA-A805-02D426AE3392}.Debug|Any CPU.ActiveCfg = Debug|Any CPU
		{47BB8EAE-CAA3-4EDA-A805-02D426AE3392}.Debug|Any CPU.Build.0 = Debug|Any CPU
		{47BB8EAE-CAA3-4EDA-A805-02D426AE3392}.Release|Any CPU.ActiveCfg = Release|Any CPU
		{47BB8EAE-CAA3-4EDA-A805-02D426AE3392}.Release|Any CPU.Build.0 = Release|Any CPU
		{147C75D0-17FB-4A60-9D3E-C526738AF1A0}.Debug|Any CPU.ActiveCfg = Debug|Any CPU
		{147C75D0-17FB-4A60-9D3E-C526738AF1A0}.Debug|Any CPU.Build.0 = Debug|Any CPU
		{147C75D0-17FB-4A60-9D3E-C526738AF1A0}.Release|Any CPU.ActiveCfg = Release|Any CPU
		{147C75D0-17FB-4A60-9D3E-C526738AF1A0}.Release|Any CPU.Build.0 = Release|Any CPU
		{8889A5B9-8B06-4903-B93B-091785BF7680}.Debug|Any CPU.ActiveCfg = Debug|Any CPU
		{8889A5B9-8B06-4903-B93B-091785BF7680}.Debug|Any CPU.Build.0 = Debug|Any CPU
		{8889A5B9-8B06-4903-B93B-091785BF7680}.Release|Any CPU.ActiveCfg = Release|Any CPU
		{8889A5B9-8B06-4903-B93B-091785BF7680}.Release|Any CPU.Build.0 = Release|Any CPU
		{6564F429-1836-49AA-BD68-58CC1BA25689}.Debug|Any CPU.ActiveCfg = Debug|Any CPU
		{6564F429-1836-49AA-BD68-58CC1BA25689}.Debug|Any CPU.Build.0 = Debug|Any CPU
		{6564F429-1836-49AA-BD68-58CC1BA25689}.Release|Any CPU.ActiveCfg = Release|Any CPU
		{6564F429-1836-49AA-BD68-58CC1BA25689}.Release|Any CPU.Build.0 = Release|Any CPU
		{8CFE9D6C-76D2-49BF-98B6-10F0AE56D6B8}.Debug|Any CPU.ActiveCfg = Debug|Any CPU
		{8CFE9D6C-76D2-49BF-98B6-10F0AE56D6B8}.Debug|Any CPU.Build.0 = Debug|Any CPU
		{8CFE9D6C-76D2-49BF-98B6-10F0AE56D6B8}.Release|Any CPU.ActiveCfg = Release|Any CPU
		{8CFE9D6C-76D2-49BF-98B6-10F0AE56D6B8}.Release|Any CPU.Build.0 = Release|Any CPU
		{D55FF550-E81D-467E-93BA-FF51072E5989}.Debug|Any CPU.ActiveCfg = Debug|Any CPU
		{D55FF550-E81D-467E-93BA-FF51072E5989}.Debug|Any CPU.Build.0 = Debug|Any CPU
		{D55FF550-E81D-467E-93BA-FF51072E5989}.Release|Any CPU.ActiveCfg = Release|Any CPU
		{D55FF550-E81D-467E-93BA-FF51072E5989}.Release|Any CPU.Build.0 = Release|Any CPU
		{E6D7790C-679E-422A-9D28-A3883F316A72}.Debug|Any CPU.ActiveCfg = Debug|Any CPU
		{E6D7790C-679E-422A-9D28-A3883F316A72}.Debug|Any CPU.Build.0 = Debug|Any CPU
		{E6D7790C-679E-422A-9D28-A3883F316A72}.Release|Any CPU.ActiveCfg = Release|Any CPU
		{E6D7790C-679E-422A-9D28-A3883F316A72}.Release|Any CPU.Build.0 = Release|Any CPU
		{F62A9252-AC5A-482A-91A4-5E57717CA351}.Debug|Any CPU.ActiveCfg = Debug|Any CPU
		{F62A9252-AC5A-482A-91A4-5E57717CA351}.Debug|Any CPU.Build.0 = Debug|Any CPU
		{F62A9252-AC5A-482A-91A4-5E57717CA351}.Release|Any CPU.ActiveCfg = Release|Any CPU
		{F62A9252-AC5A-482A-91A4-5E57717CA351}.Release|Any CPU.Build.0 = Release|Any CPU
		{B20F4843-9567-4172-A2A4-B22A430ABCC4}.Debug|Any CPU.ActiveCfg = Debug|Any CPU
		{B20F4843-9567-4172-A2A4-B22A430ABCC4}.Debug|Any CPU.Build.0 = Debug|Any CPU
		{B20F4843-9567-4172-A2A4-B22A430ABCC4}.Release|Any CPU.ActiveCfg = Release|Any CPU
		{B20F4843-9567-4172-A2A4-B22A430ABCC4}.Release|Any CPU.Build.0 = Release|Any CPU
		{F3CADDA5-23B2-4C56-B413-7B6D06CFA59A}.Debug|Any CPU.ActiveCfg = Debug|Any CPU
		{F3CADDA5-23B2-4C56-B413-7B6D06CFA59A}.Debug|Any CPU.Build.0 = Debug|Any CPU
		{F3CADDA5-23B2-4C56-B413-7B6D06CFA59A}.Release|Any CPU.ActiveCfg = Release|Any CPU
		{F3CADDA5-23B2-4C56-B413-7B6D06CFA59A}.Release|Any CPU.Build.0 = Release|Any CPU
	EndGlobalSection
	GlobalSection(SolutionProperties) = preSolution
		HideSolutionNode = FALSE
	EndGlobalSection
	GlobalSection(ExtensibilityGlobals) = postSolution
		SolutionGuid = {3A82F47A-F52F-4E09-BA5B-02D74CFBC036}
	EndGlobalSection
EndGlobal
