
Microsoft Visual Studio Solution File, Format Version 12.00
# Visual Studio 15
VisualStudioVersion = 15.0.28307.572
MinimumVisualStudioVersion = 10.0.40219.1
Project("{FAE04EC0-301F-11D3-BF4B-00C04F79EFBC}") = "01. Easter Cozonacs", "01. Easter Cozonacs\01. Easter Cozonacs.csproj", "{AF695146-B285-4438-BB15-72BA4858C9B2}"
EndProject
Project("{FAE04EC0-301F-11D3-BF4B-00C04F79EFBC}") = "02. Easter Gifts", "02. Easter Gifts\02. Easter Gifts.csproj", "{7D241CC6-B9F8-4F68-B552-61EB55145E28}"
EndProject
Project("{FAE04EC0-301F-11D3-BF4B-00C04F79EFBC}") = "03. Easter Shopping", "03. Easter Shopping\03. Easter Shopping.csproj", "{C0D132D9-F786-49F3-B594-B0983B290D63}"
EndProject
Global
	GlobalSection(SolutionConfigurationPlatforms) = preSolution
		Debug|Any CPU = Debug|Any CPU
		Release|Any CPU = Release|Any CPU
	EndGlobalSection
	GlobalSection(ProjectConfigurationPlatforms) = postSolution
		{AF695146-B285-4438-BB15-72BA4858C9B2}.Debug|Any CPU.ActiveCfg = Debug|Any CPU
		{AF695146-B285-4438-BB15-72BA4858C9B2}.Debug|Any CPU.Build.0 = Debug|Any CPU
		{AF695146-B285-4438-BB15-72BA4858C9B2}.Release|Any CPU.ActiveCfg = Release|Any CPU
		{AF695146-B285-4438-BB15-72BA4858C9B2}.Release|Any CPU.Build.0 = Release|Any CPU
		{7D241CC6-B9F8-4F68-B552-61EB55145E28}.Debug|Any CPU.ActiveCfg = Debug|Any CPU
		{7D241CC6-B9F8-4F68-B552-61EB55145E28}.Debug|Any CPU.Build.0 = Debug|Any CPU
		{7D241CC6-B9F8-4F68-B552-61EB55145E28}.Release|Any CPU.ActiveCfg = Release|Any CPU
		{7D241CC6-B9F8-4F68-B552-61EB55145E28}.Release|Any CPU.Build.0 = Release|Any CPU
		{C0D132D9-F786-49F3-B594-B0983B290D63}.Debug|Any CPU.ActiveCfg = Debug|Any CPU
		{C0D132D9-F786-49F3-B594-B0983B290D63}.Debug|Any CPU.Build.0 = Debug|Any CPU
		{C0D132D9-F786-49F3-B594-B0983B290D63}.Release|Any CPU.ActiveCfg = Release|Any CPU
		{C0D132D9-F786-49F3-B594-B0983B290D63}.Release|Any CPU.Build.0 = Release|Any CPU
	EndGlobalSection
	GlobalSection(SolutionProperties) = preSolution
		HideSolutionNode = FALSE
	EndGlobalSection
	GlobalSection(ExtensibilityGlobals) = postSolution
		SolutionGuid = {299ADA1A-8A5C-49BC-8A86-8BA041AB38A3}
	EndGlobalSection
EndGlobal
