
Microsoft Visual Studio Solution File, Format Version 12.00
# Visual Studio 15
VisualStudioVersion = 15.0.28307.572
MinimumVisualStudioVersion = 10.0.40219.1
Project("{2150E333-8FDC-42A3-9474-1A3956D46DE8}") = "Encapsulation - Lab", "Encapsulation - Lab", "{976D370C-89F1-472E-B002-C5A980E9B10C}"
EndProject
Project("{9A19103F-16F7-4668-BE54-9A1E7A4F7556}") = "01Persons", "01. Persons\01Persons.csproj", "{226E60D4-8169-49AA-ABE6-76A4A72C030E}"
EndProject
Project("{9A19103F-16F7-4668-BE54-9A1E7A4F7556}") = "02Salary", "02Salary\02Salary.csproj", "{5BFD0FAF-7A5A-42F0-B87A-343621743D96}"
EndProject
Project("{9A19103F-16F7-4668-BE54-9A1E7A4F7556}") = "03Validation", "03Validation\03Validation.csproj", "{F0EFDAAC-CF76-44EE-B2D6-9B956081F6E8}"
EndProject
Project("{9A19103F-16F7-4668-BE54-9A1E7A4F7556}") = "04Team", "04Team\04Team.csproj", "{FB8BA2BB-9494-46C3-A42F-F65153A55874}"
EndProject
Project("{2150E333-8FDC-42A3-9474-1A3956D46DE8}") = "Encapsulation - Exercise", "Encapsulation - Exercise", "{34B8A0EB-3915-4A5F-8630-65B3B53F0025}"
EndProject
Project("{9A19103F-16F7-4668-BE54-9A1E7A4F7556}") = "01Class Box Data", "01Class Box Data\01Class Box Data.csproj", "{6C589FFA-263F-48CB-BC49-474AD46C58CA}"
EndProject
Project("{FAE04EC0-301F-11D3-BF4B-00C04F79EFBC}") = "ClassBoxData", "ClassBoxData\ClassBoxData.csproj", "{4AB44073-FB3F-45C9-81D0-C812BD8E347D}"
EndProject
Project("{FAE04EC0-301F-11D3-BF4B-00C04F79EFBC}") = "AnimalFarm", "AnimalFarm\AnimalFarm.csproj", "{7D776EDC-AE1C-47D7-B717-B578564CF643}"
EndProject
Project("{FAE04EC0-301F-11D3-BF4B-00C04F79EFBC}") = "ShoppingSpree", "03ShoppingSpree\ShoppingSpree.csproj", "{8D8E8EB7-F11D-4EB7-AA9D-796A1DDE968B}"
EndProject
Project("{FAE04EC0-301F-11D3-BF4B-00C04F79EFBC}") = "FootballTeamGenerator", "FootballTeamGenerator\FootballTeamGenerator.csproj", "{80CB42B2-B5B6-4E5D-8703-04602EDAC710}"
EndProject
Global
	GlobalSection(SolutionConfigurationPlatforms) = preSolution
		Debug|Any CPU = Debug|Any CPU
		Release|Any CPU = Release|Any CPU
	EndGlobalSection
	GlobalSection(ProjectConfigurationPlatforms) = postSolution
		{226E60D4-8169-49AA-ABE6-76A4A72C030E}.Debug|Any CPU.ActiveCfg = Debug|Any CPU
		{226E60D4-8169-49AA-ABE6-76A4A72C030E}.Debug|Any CPU.Build.0 = Debug|Any CPU
		{226E60D4-8169-49AA-ABE6-76A4A72C030E}.Release|Any CPU.ActiveCfg = Release|Any CPU
		{226E60D4-8169-49AA-ABE6-76A4A72C030E}.Release|Any CPU.Build.0 = Release|Any CPU
		{5BFD0FAF-7A5A-42F0-B87A-343621743D96}.Debug|Any CPU.ActiveCfg = Debug|Any CPU
		{5BFD0FAF-7A5A-42F0-B87A-343621743D96}.Debug|Any CPU.Build.0 = Debug|Any CPU
		{5BFD0FAF-7A5A-42F0-B87A-343621743D96}.Release|Any CPU.ActiveCfg = Release|Any CPU
		{5BFD0FAF-7A5A-42F0-B87A-343621743D96}.Release|Any CPU.Build.0 = Release|Any CPU
		{F0EFDAAC-CF76-44EE-B2D6-9B956081F6E8}.Debug|Any CPU.ActiveCfg = Debug|Any CPU
		{F0EFDAAC-CF76-44EE-B2D6-9B956081F6E8}.Debug|Any CPU.Build.0 = Debug|Any CPU
		{F0EFDAAC-CF76-44EE-B2D6-9B956081F6E8}.Release|Any CPU.ActiveCfg = Release|Any CPU
		{F0EFDAAC-CF76-44EE-B2D6-9B956081F6E8}.Release|Any CPU.Build.0 = Release|Any CPU
		{FB8BA2BB-9494-46C3-A42F-F65153A55874}.Debug|Any CPU.ActiveCfg = Debug|Any CPU
		{FB8BA2BB-9494-46C3-A42F-F65153A55874}.Debug|Any CPU.Build.0 = Debug|Any CPU
		{FB8BA2BB-9494-46C3-A42F-F65153A55874}.Release|Any CPU.ActiveCfg = Release|Any CPU
		{FB8BA2BB-9494-46C3-A42F-F65153A55874}.Release|Any CPU.Build.0 = Release|Any CPU
		{6C589FFA-263F-48CB-BC49-474AD46C58CA}.Debug|Any CPU.ActiveCfg = Debug|Any CPU
		{6C589FFA-263F-48CB-BC49-474AD46C58CA}.Debug|Any CPU.Build.0 = Debug|Any CPU
		{6C589FFA-263F-48CB-BC49-474AD46C58CA}.Release|Any CPU.ActiveCfg = Release|Any CPU
		{6C589FFA-263F-48CB-BC49-474AD46C58CA}.Release|Any CPU.Build.0 = Release|Any CPU
		{4AB44073-FB3F-45C9-81D0-C812BD8E347D}.Debug|Any CPU.ActiveCfg = Debug|Any CPU
		{4AB44073-FB3F-45C9-81D0-C812BD8E347D}.Debug|Any CPU.Build.0 = Debug|Any CPU
		{4AB44073-FB3F-45C9-81D0-C812BD8E347D}.Release|Any CPU.ActiveCfg = Release|Any CPU
		{4AB44073-FB3F-45C9-81D0-C812BD8E347D}.Release|Any CPU.Build.0 = Release|Any CPU
		{7D776EDC-AE1C-47D7-B717-B578564CF643}.Debug|Any CPU.ActiveCfg = Debug|Any CPU
		{7D776EDC-AE1C-47D7-B717-B578564CF643}.Debug|Any CPU.Build.0 = Debug|Any CPU
		{7D776EDC-AE1C-47D7-B717-B578564CF643}.Release|Any CPU.ActiveCfg = Release|Any CPU
		{7D776EDC-AE1C-47D7-B717-B578564CF643}.Release|Any CPU.Build.0 = Release|Any CPU
		{8D8E8EB7-F11D-4EB7-AA9D-796A1DDE968B}.Debug|Any CPU.ActiveCfg = Debug|Any CPU
		{8D8E8EB7-F11D-4EB7-AA9D-796A1DDE968B}.Debug|Any CPU.Build.0 = Debug|Any CPU
		{8D8E8EB7-F11D-4EB7-AA9D-796A1DDE968B}.Release|Any CPU.ActiveCfg = Release|Any CPU
		{8D8E8EB7-F11D-4EB7-AA9D-796A1DDE968B}.Release|Any CPU.Build.0 = Release|Any CPU
		{80CB42B2-B5B6-4E5D-8703-04602EDAC710}.Debug|Any CPU.ActiveCfg = Debug|Any CPU
		{80CB42B2-B5B6-4E5D-8703-04602EDAC710}.Debug|Any CPU.Build.0 = Debug|Any CPU
		{80CB42B2-B5B6-4E5D-8703-04602EDAC710}.Release|Any CPU.ActiveCfg = Release|Any CPU
		{80CB42B2-B5B6-4E5D-8703-04602EDAC710}.Release|Any CPU.Build.0 = Release|Any CPU
	EndGlobalSection
	GlobalSection(SolutionProperties) = preSolution
		HideSolutionNode = FALSE
	EndGlobalSection
	GlobalSection(NestedProjects) = preSolution
		{226E60D4-8169-49AA-ABE6-76A4A72C030E} = {976D370C-89F1-472E-B002-C5A980E9B10C}
		{5BFD0FAF-7A5A-42F0-B87A-343621743D96} = {976D370C-89F1-472E-B002-C5A980E9B10C}
		{F0EFDAAC-CF76-44EE-B2D6-9B956081F6E8} = {976D370C-89F1-472E-B002-C5A980E9B10C}
		{FB8BA2BB-9494-46C3-A42F-F65153A55874} = {976D370C-89F1-472E-B002-C5A980E9B10C}
		{6C589FFA-263F-48CB-BC49-474AD46C58CA} = {34B8A0EB-3915-4A5F-8630-65B3B53F0025}
		{4AB44073-FB3F-45C9-81D0-C812BD8E347D} = {34B8A0EB-3915-4A5F-8630-65B3B53F0025}
		{7D776EDC-AE1C-47D7-B717-B578564CF643} = {34B8A0EB-3915-4A5F-8630-65B3B53F0025}
		{8D8E8EB7-F11D-4EB7-AA9D-796A1DDE968B} = {34B8A0EB-3915-4A5F-8630-65B3B53F0025}
		{80CB42B2-B5B6-4E5D-8703-04602EDAC710} = {34B8A0EB-3915-4A5F-8630-65B3B53F0025}
	EndGlobalSection
	GlobalSection(ExtensibilityGlobals) = postSolution
		SolutionGuid = {B6B3AEBC-BA08-4682-835D-065DAE9BD213}
	EndGlobalSection
EndGlobal
