
Microsoft Visual Studio Solution File, Format Version 12.00
# Visual Studio 15
VisualStudioVersion = 15.0.28307.572
MinimumVisualStudioVersion = 10.0.40219.1
Project("{2150E333-8FDC-42A3-9474-1A3956D46DE8}") = "Sets and Dictionaries Advanced - Lab", "Sets and Dictionaries Advanced - Lab", "{E7CCA704-CCBF-4497-A96C-5AA70B6C675F}"
EndProject
Project("{9A19103F-16F7-4668-BE54-9A1E7A4F7556}") = "01. Count Same Values in Array", "01. Count Same Values in Array\01. Count Same Values in Array.csproj", "{6BB2593F-11FF-4372-9507-9DAA29EC6EDB}"
EndProject
Project("{9A19103F-16F7-4668-BE54-9A1E7A4F7556}") = "02. Average Student Grades", "02. Average Student Grades\02. Average Student Grades.csproj", "{49F965EC-832C-4D12-BF66-CBA0C3BD0C51}"
EndProject
Project("{9A19103F-16F7-4668-BE54-9A1E7A4F7556}") = "03. Product Shop", "03. Product Shop\03. Product Shop.csproj", "{B47BB197-BCAF-4941-A645-D288080A0959}"
EndProject
Project("{9A19103F-16F7-4668-BE54-9A1E7A4F7556}") = "04. Cities by Continent and Country", "04. Cities by Continent and Country\04. Cities by Continent and Country.csproj", "{1A787916-92A3-4E9A-9C47-DFA10F196C0F}"
EndProject
Project("{9A19103F-16F7-4668-BE54-9A1E7A4F7556}") = "05. Record Unique Names", "05. Record Unique Names\05. Record Unique Names.csproj", "{7A4E3886-795B-451E-B470-862E3EA74C08}"
EndProject
Project("{9A19103F-16F7-4668-BE54-9A1E7A4F7556}") = "06. Parking Lot", "06. Parking Lot\06. Parking Lot.csproj", "{0C2E9BEB-25D7-4DD3-BFCF-C9ACAD0C987E}"
EndProject
Project("{9A19103F-16F7-4668-BE54-9A1E7A4F7556}") = "07. SoftUni Party", "07. SoftUni Party\07. SoftUni Party.csproj", "{7DDCA45D-C825-4E58-AF4E-54DA2CFD1407}"
EndProject
Project("{2150E333-8FDC-42A3-9474-1A3956D46DE8}") = "Sets and Dictionaries Advanced - Exercise", "Sets and Dictionaries Advanced - Exercise", "{4DCEC69A-7BFD-4D05-8F5C-AE4EF061A091}"
EndProject
Project("{FAE04EC0-301F-11D3-BF4B-00C04F79EFBC}") = "01. Unique Usernames", "01. Unique Usernames\01. Unique Usernames.csproj", "{429F6CA9-D2FA-46C7-958F-FD08E230AA47}"
EndProject
Project("{FAE04EC0-301F-11D3-BF4B-00C04F79EFBC}") = "02. Sets of Elements", "02. Sets of Elements\02. Sets of Elements.csproj", "{8997E901-D9EA-4388-869B-4F31A0BE74BC}"
EndProject
Project("{FAE04EC0-301F-11D3-BF4B-00C04F79EFBC}") = "03. Periodic Table", "3. Periodic Table\03. Periodic Table.csproj", "{F1993580-FC90-4BB1-82C8-EF971EF49963}"
EndProject
Project("{FAE04EC0-301F-11D3-BF4B-00C04F79EFBC}") = "04. Even Times", "04. Even Times\04. Even Times.csproj", "{C3A370EE-23A2-4EB8-BA1C-3BF3C5D85BEE}"
EndProject
Project("{FAE04EC0-301F-11D3-BF4B-00C04F79EFBC}") = "05. Count Symbols", "05. Count Symbols\05. Count Symbols.csproj", "{0C8C93AB-F9F6-4CFE-9E6B-D8F7BDA63859}"
EndProject
Project("{FAE04EC0-301F-11D3-BF4B-00C04F79EFBC}") = "06. Wardrobe", "06. Wardrobe\06. Wardrobe.csproj", "{00A183EF-E98B-419F-8C6F-78D2E3B64C7F}"
EndProject
Project("{FAE04EC0-301F-11D3-BF4B-00C04F79EFBC}") = "07. The V-Logger", "07. The V-Logger\07. The V-Logger.csproj", "{DBB30C5E-C013-4A0D-99AB-00F0A13F0E22}"
EndProject
Project("{FAE04EC0-301F-11D3-BF4B-00C04F79EFBC}") = "08. Ranking", "08. Ranking\08. Ranking.csproj", "{164D1D89-3B2B-47CC-B1BD-3F97A0229F1C}"
EndProject
Global
	GlobalSection(SolutionConfigurationPlatforms) = preSolution
		Debug|Any CPU = Debug|Any CPU
		Release|Any CPU = Release|Any CPU
	EndGlobalSection
	GlobalSection(ProjectConfigurationPlatforms) = postSolution
		{6BB2593F-11FF-4372-9507-9DAA29EC6EDB}.Debug|Any CPU.ActiveCfg = Debug|Any CPU
		{6BB2593F-11FF-4372-9507-9DAA29EC6EDB}.Debug|Any CPU.Build.0 = Debug|Any CPU
		{6BB2593F-11FF-4372-9507-9DAA29EC6EDB}.Release|Any CPU.ActiveCfg = Release|Any CPU
		{6BB2593F-11FF-4372-9507-9DAA29EC6EDB}.Release|Any CPU.Build.0 = Release|Any CPU
		{49F965EC-832C-4D12-BF66-CBA0C3BD0C51}.Debug|Any CPU.ActiveCfg = Debug|Any CPU
		{49F965EC-832C-4D12-BF66-CBA0C3BD0C51}.Debug|Any CPU.Build.0 = Debug|Any CPU
		{49F965EC-832C-4D12-BF66-CBA0C3BD0C51}.Release|Any CPU.ActiveCfg = Release|Any CPU
		{49F965EC-832C-4D12-BF66-CBA0C3BD0C51}.Release|Any CPU.Build.0 = Release|Any CPU
		{B47BB197-BCAF-4941-A645-D288080A0959}.Debug|Any CPU.ActiveCfg = Debug|Any CPU
		{B47BB197-BCAF-4941-A645-D288080A0959}.Debug|Any CPU.Build.0 = Debug|Any CPU
		{B47BB197-BCAF-4941-A645-D288080A0959}.Release|Any CPU.ActiveCfg = Release|Any CPU
		{B47BB197-BCAF-4941-A645-D288080A0959}.Release|Any CPU.Build.0 = Release|Any CPU
		{1A787916-92A3-4E9A-9C47-DFA10F196C0F}.Debug|Any CPU.ActiveCfg = Debug|Any CPU
		{1A787916-92A3-4E9A-9C47-DFA10F196C0F}.Debug|Any CPU.Build.0 = Debug|Any CPU
		{1A787916-92A3-4E9A-9C47-DFA10F196C0F}.Release|Any CPU.ActiveCfg = Release|Any CPU
		{1A787916-92A3-4E9A-9C47-DFA10F196C0F}.Release|Any CPU.Build.0 = Release|Any CPU
		{7A4E3886-795B-451E-B470-862E3EA74C08}.Debug|Any CPU.ActiveCfg = Debug|Any CPU
		{7A4E3886-795B-451E-B470-862E3EA74C08}.Debug|Any CPU.Build.0 = Debug|Any CPU
		{7A4E3886-795B-451E-B470-862E3EA74C08}.Release|Any CPU.ActiveCfg = Release|Any CPU
		{7A4E3886-795B-451E-B470-862E3EA74C08}.Release|Any CPU.Build.0 = Release|Any CPU
		{0C2E9BEB-25D7-4DD3-BFCF-C9ACAD0C987E}.Debug|Any CPU.ActiveCfg = Debug|Any CPU
		{0C2E9BEB-25D7-4DD3-BFCF-C9ACAD0C987E}.Debug|Any CPU.Build.0 = Debug|Any CPU
		{0C2E9BEB-25D7-4DD3-BFCF-C9ACAD0C987E}.Release|Any CPU.ActiveCfg = Release|Any CPU
		{0C2E9BEB-25D7-4DD3-BFCF-C9ACAD0C987E}.Release|Any CPU.Build.0 = Release|Any CPU
		{7DDCA45D-C825-4E58-AF4E-54DA2CFD1407}.Debug|Any CPU.ActiveCfg = Debug|Any CPU
		{7DDCA45D-C825-4E58-AF4E-54DA2CFD1407}.Debug|Any CPU.Build.0 = Debug|Any CPU
		{7DDCA45D-C825-4E58-AF4E-54DA2CFD1407}.Release|Any CPU.ActiveCfg = Release|Any CPU
		{7DDCA45D-C825-4E58-AF4E-54DA2CFD1407}.Release|Any CPU.Build.0 = Release|Any CPU
		{429F6CA9-D2FA-46C7-958F-FD08E230AA47}.Debug|Any CPU.ActiveCfg = Debug|Any CPU
		{429F6CA9-D2FA-46C7-958F-FD08E230AA47}.Debug|Any CPU.Build.0 = Debug|Any CPU
		{429F6CA9-D2FA-46C7-958F-FD08E230AA47}.Release|Any CPU.ActiveCfg = Release|Any CPU
		{429F6CA9-D2FA-46C7-958F-FD08E230AA47}.Release|Any CPU.Build.0 = Release|Any CPU
		{8997E901-D9EA-4388-869B-4F31A0BE74BC}.Debug|Any CPU.ActiveCfg = Debug|Any CPU
		{8997E901-D9EA-4388-869B-4F31A0BE74BC}.Debug|Any CPU.Build.0 = Debug|Any CPU
		{8997E901-D9EA-4388-869B-4F31A0BE74BC}.Release|Any CPU.ActiveCfg = Release|Any CPU
		{8997E901-D9EA-4388-869B-4F31A0BE74BC}.Release|Any CPU.Build.0 = Release|Any CPU
		{F1993580-FC90-4BB1-82C8-EF971EF49963}.Debug|Any CPU.ActiveCfg = Debug|Any CPU
		{F1993580-FC90-4BB1-82C8-EF971EF49963}.Debug|Any CPU.Build.0 = Debug|Any CPU
		{F1993580-FC90-4BB1-82C8-EF971EF49963}.Release|Any CPU.ActiveCfg = Release|Any CPU
		{F1993580-FC90-4BB1-82C8-EF971EF49963}.Release|Any CPU.Build.0 = Release|Any CPU
		{C3A370EE-23A2-4EB8-BA1C-3BF3C5D85BEE}.Debug|Any CPU.ActiveCfg = Debug|Any CPU
		{C3A370EE-23A2-4EB8-BA1C-3BF3C5D85BEE}.Debug|Any CPU.Build.0 = Debug|Any CPU
		{C3A370EE-23A2-4EB8-BA1C-3BF3C5D85BEE}.Release|Any CPU.ActiveCfg = Release|Any CPU
		{C3A370EE-23A2-4EB8-BA1C-3BF3C5D85BEE}.Release|Any CPU.Build.0 = Release|Any CPU
		{0C8C93AB-F9F6-4CFE-9E6B-D8F7BDA63859}.Debug|Any CPU.ActiveCfg = Debug|Any CPU
		{0C8C93AB-F9F6-4CFE-9E6B-D8F7BDA63859}.Debug|Any CPU.Build.0 = Debug|Any CPU
		{0C8C93AB-F9F6-4CFE-9E6B-D8F7BDA63859}.Release|Any CPU.ActiveCfg = Release|Any CPU
		{0C8C93AB-F9F6-4CFE-9E6B-D8F7BDA63859}.Release|Any CPU.Build.0 = Release|Any CPU
		{00A183EF-E98B-419F-8C6F-78D2E3B64C7F}.Debug|Any CPU.ActiveCfg = Debug|Any CPU
		{00A183EF-E98B-419F-8C6F-78D2E3B64C7F}.Debug|Any CPU.Build.0 = Debug|Any CPU
		{00A183EF-E98B-419F-8C6F-78D2E3B64C7F}.Release|Any CPU.ActiveCfg = Release|Any CPU
		{00A183EF-E98B-419F-8C6F-78D2E3B64C7F}.Release|Any CPU.Build.0 = Release|Any CPU
		{DBB30C5E-C013-4A0D-99AB-00F0A13F0E22}.Debug|Any CPU.ActiveCfg = Debug|Any CPU
		{DBB30C5E-C013-4A0D-99AB-00F0A13F0E22}.Debug|Any CPU.Build.0 = Debug|Any CPU
		{DBB30C5E-C013-4A0D-99AB-00F0A13F0E22}.Release|Any CPU.ActiveCfg = Release|Any CPU
		{DBB30C5E-C013-4A0D-99AB-00F0A13F0E22}.Release|Any CPU.Build.0 = Release|Any CPU
		{164D1D89-3B2B-47CC-B1BD-3F97A0229F1C}.Debug|Any CPU.ActiveCfg = Debug|Any CPU
		{164D1D89-3B2B-47CC-B1BD-3F97A0229F1C}.Debug|Any CPU.Build.0 = Debug|Any CPU
		{164D1D89-3B2B-47CC-B1BD-3F97A0229F1C}.Release|Any CPU.ActiveCfg = Release|Any CPU
		{164D1D89-3B2B-47CC-B1BD-3F97A0229F1C}.Release|Any CPU.Build.0 = Release|Any CPU
	EndGlobalSection
	GlobalSection(SolutionProperties) = preSolution
		HideSolutionNode = FALSE
	EndGlobalSection
	GlobalSection(NestedProjects) = preSolution
		{6BB2593F-11FF-4372-9507-9DAA29EC6EDB} = {E7CCA704-CCBF-4497-A96C-5AA70B6C675F}
		{49F965EC-832C-4D12-BF66-CBA0C3BD0C51} = {E7CCA704-CCBF-4497-A96C-5AA70B6C675F}
		{B47BB197-BCAF-4941-A645-D288080A0959} = {E7CCA704-CCBF-4497-A96C-5AA70B6C675F}
		{1A787916-92A3-4E9A-9C47-DFA10F196C0F} = {E7CCA704-CCBF-4497-A96C-5AA70B6C675F}
		{7A4E3886-795B-451E-B470-862E3EA74C08} = {E7CCA704-CCBF-4497-A96C-5AA70B6C675F}
		{0C2E9BEB-25D7-4DD3-BFCF-C9ACAD0C987E} = {E7CCA704-CCBF-4497-A96C-5AA70B6C675F}
		{7DDCA45D-C825-4E58-AF4E-54DA2CFD1407} = {E7CCA704-CCBF-4497-A96C-5AA70B6C675F}
		{429F6CA9-D2FA-46C7-958F-FD08E230AA47} = {4DCEC69A-7BFD-4D05-8F5C-AE4EF061A091}
		{8997E901-D9EA-4388-869B-4F31A0BE74BC} = {4DCEC69A-7BFD-4D05-8F5C-AE4EF061A091}
		{F1993580-FC90-4BB1-82C8-EF971EF49963} = {4DCEC69A-7BFD-4D05-8F5C-AE4EF061A091}
		{C3A370EE-23A2-4EB8-BA1C-3BF3C5D85BEE} = {4DCEC69A-7BFD-4D05-8F5C-AE4EF061A091}
		{0C8C93AB-F9F6-4CFE-9E6B-D8F7BDA63859} = {4DCEC69A-7BFD-4D05-8F5C-AE4EF061A091}
		{00A183EF-E98B-419F-8C6F-78D2E3B64C7F} = {4DCEC69A-7BFD-4D05-8F5C-AE4EF061A091}
		{DBB30C5E-C013-4A0D-99AB-00F0A13F0E22} = {4DCEC69A-7BFD-4D05-8F5C-AE4EF061A091}
		{164D1D89-3B2B-47CC-B1BD-3F97A0229F1C} = {4DCEC69A-7BFD-4D05-8F5C-AE4EF061A091}
	EndGlobalSection
	GlobalSection(ExtensibilityGlobals) = postSolution
		SolutionGuid = {C519AAE6-A041-41B6-9854-0D88F7334B72}
	EndGlobalSection
EndGlobal
