
Microsoft Visual Studio Solution File, Format Version 12.00
# Visual Studio 15
VisualStudioVersion = 15.0.28307.572
MinimumVisualStudioVersion = 10.0.40219.1
Project("{FAE04EC0-301F-11D3-BF4B-00C04F79EFBC}") = "Problem 1. Party Profit", "Problem 1. Party Profit\Problem 1. Party Profit.csproj", "{1FBB4267-E2F0-4B70-9F92-377E5F51C169}"
EndProject
Project("{FAE04EC0-301F-11D3-BF4B-00C04F79EFBC}") = "Problem 2. Dungeonest Dark", "Problem 2. Dungeonest Dark\Problem 2. Dungeonest Dark.csproj", "{8D770609-E2D5-42CD-9627-37536FEA09D5}"
EndProject
Project("{FAE04EC0-301F-11D3-BF4B-00C04F79EFBC}") = "03. Quests Journal", "03. Quests Journal\03. Quests Journal.csproj", "{BED8AE74-2386-4537-8B2A-059C639ED927}"
EndProject
Global
	GlobalSection(SolutionConfigurationPlatforms) = preSolution
		Debug|Any CPU = Debug|Any CPU
		Release|Any CPU = Release|Any CPU
	EndGlobalSection
	GlobalSection(ProjectConfigurationPlatforms) = postSolution
		{1FBB4267-E2F0-4B70-9F92-377E5F51C169}.Debug|Any CPU.ActiveCfg = Debug|Any CPU
		{1FBB4267-E2F0-4B70-9F92-377E5F51C169}.Debug|Any CPU.Build.0 = Debug|Any CPU
		{1FBB4267-E2F0-4B70-9F92-377E5F51C169}.Release|Any CPU.ActiveCfg = Release|Any CPU
		{1FBB4267-E2F0-4B70-9F92-377E5F51C169}.Release|Any CPU.Build.0 = Release|Any CPU
		{8D770609-E2D5-42CD-9627-37536FEA09D5}.Debug|Any CPU.ActiveCfg = Debug|Any CPU
		{8D770609-E2D5-42CD-9627-37536FEA09D5}.Debug|Any CPU.Build.0 = Debug|Any CPU
		{8D770609-E2D5-42CD-9627-37536FEA09D5}.Release|Any CPU.ActiveCfg = Release|Any CPU
		{8D770609-E2D5-42CD-9627-37536FEA09D5}.Release|Any CPU.Build.0 = Release|Any CPU
		{BED8AE74-2386-4537-8B2A-059C639ED927}.Debug|Any CPU.ActiveCfg = Debug|Any CPU
		{BED8AE74-2386-4537-8B2A-059C639ED927}.Debug|Any CPU.Build.0 = Debug|Any CPU
		{BED8AE74-2386-4537-8B2A-059C639ED927}.Release|Any CPU.ActiveCfg = Release|Any CPU
		{BED8AE74-2386-4537-8B2A-059C639ED927}.Release|Any CPU.Build.0 = Release|Any CPU
	EndGlobalSection
	GlobalSection(SolutionProperties) = preSolution
		HideSolutionNode = FALSE
	EndGlobalSection
	GlobalSection(ExtensibilityGlobals) = postSolution
		SolutionGuid = {228E6D3C-BDBB-4408-A977-17D2C280209D}
	EndGlobalSection
EndGlobal
