
Microsoft Visual Studio Solution File, Format Version 12.00
# Visual Studio Version 16
VisualStudioVersion = 16.0.30413.136
MinimumVisualStudioVersion = 10.0.40219.1
Project("{9A19103F-16F7-4668-BE54-9A1E7A4F7556}") = "ConsoleApp2", "ConsoleApp2\ConsoleApp2.csproj", "{2A972EAE-9507-4B46-A835-06AE5C174C1E}"
EndProject
Project("{9A19103F-16F7-4668-BE54-9A1E7A4F7556}") = "Name_town_age", "Name_town_age\Name_town_age.csproj", "{DBC45D25-2075-4B90-A18B-E3028987FAA0}"
EndProject
Project("{9A19103F-16F7-4668-BE54-9A1E7A4F7556}") = "Sqere_area", "Sqere_area\Sqere_area.csproj", "{03924E02-DF72-4A06-A98D-E38CA58CA946}"
EndProject
Project("{9A19103F-16F7-4668-BE54-9A1E7A4F7556}") = "Inches_to_santimeters", "Inches_to_santimeters\Inches_to_santimeters.csproj", "{3AE452AF-15B9-4A20-BCD6-BEA9E0B8FBE9}"
EndProject
Project("{9A19103F-16F7-4668-BE54-9A1E7A4F7556}") = "Area of Trapezoid", "Area of Trapezoid\Area of Trapezoid.csproj", "{41B5082D-7BB2-43BA-91BE-43843175408A}"
EndProject
Project("{9A19103F-16F7-4668-BE54-9A1E7A4F7556}") = "Circel Area and Perimeter", "Circel Area and Perimeter\Circel Area and Perimeter.csproj", "{7694F702-CDA8-497A-94E2-01634A9CF264}"
EndProject
Project("{9A19103F-16F7-4668-BE54-9A1E7A4F7556}") = "Birth Day", "Birth Day\Birth Day.csproj", "{8AA893E9-BD5A-4511-AB73-3AC919B3D43A}"
EndProject
Project("{9A19103F-16F7-4668-BE54-9A1E7A4F7556}") = "USD to BGN", "USD to BGN\USD to BGN.csproj", "{9B44D96D-A9B7-4F59-8D51-36049AD0B876}"
EndProject
Project("{9A19103F-16F7-4668-BE54-9A1E7A4F7556}") = "02. Radians to Degrees", "02. Radians to Degrees\02. Radians to Degrees.csproj", "{97679C37-EDF7-4C25-A70C-7AE51216B77B}"
EndProject
Project("{9A19103F-16F7-4668-BE54-9A1E7A4F7556}") = "1_Nmber in range", "1_Nmber in range\1_Nmber in range.csproj", "{D68FF3E0-2EB3-4782-9F50-D7F33DA96204}"
EndProject
Project("{9A19103F-16F7-4668-BE54-9A1E7A4F7556}") = "04. Sequence 2k+1", "04. Sequence 2k+1\04. Sequence 2k+1.csproj", "{FBFA06B6-6178-4FFE-A854-29830ECB7047}"
EndProject
Project("{9A19103F-16F7-4668-BE54-9A1E7A4F7556}") = "05. Account Balance", "05. Account Balance\05. Account Balance.csproj", "{FD908C5C-3AAF-4DF1-85D5-4D8DEE0FE36A}"
EndProject
Project("{FAE04EC0-301F-11D3-BF4B-00C04F79EFBC}") = "06. Max Number", "06. Max Number\06. Max Number.csproj", "{42A7A827-26BA-4FE4-9FF9-F03D8D4F2950}"
EndProject
Project("{FAE04EC0-301F-11D3-BF4B-00C04F79EFBC}") = "07. Min Number", "07. Min Number\07. Min Number.csproj", "{4F74AB11-7C23-41E7-891E-AFFB3923BFF5}"
EndProject
Project("{FAE04EC0-301F-11D3-BF4B-00C04F79EFBC}") = "08. Graduation", "08. Graduation\08. Graduation.csproj", "{FD27AAA1-E9D8-4D95-B48F-599F579A8928}"
EndProject
Project("{FAE04EC0-301F-11D3-BF4B-00C04F79EFBC}") = "01. Old Books", "01. Old Books\01. Old Books.csproj", "{33AC8BF4-2D35-45F3-A53F-CC48BA6224A8}"
EndProject
Project("{FAE04EC0-301F-11D3-BF4B-00C04F79EFBC}") = "02. Exam Preparation", "02. Exam Preparation\02. Exam Preparation.csproj", "{F4AF7A0F-6AE1-46D7-BDBB-B966C2587C59}"
EndProject
Project("{FAE04EC0-301F-11D3-BF4B-00C04F79EFBC}") = "01. Numbers from 1 to 100", "01. Numbers from 1 to 100\01. Numbers from 1 to 100.csproj", "{118B5F59-92D5-4405-B643-E79A8CB999DB}"
EndProject
Project("{FAE04EC0-301F-11D3-BF4B-00C04F79EFBC}") = "02. Numbers Nto1", "02. Numbers Nto1\02. Numbers Nto1.csproj", "{51CCD082-992E-46B2-80D5-C94C589617CD}"
EndProject
Project("{FAE04EC0-301F-11D3-BF4B-00C04F79EFBC}") = "05. Character Sequence", "05. Character Sequence\05. Character Sequence.csproj", "{DC90E82F-8C59-4E55-8E34-6765482E1454}"
EndProject
Project("{FAE04EC0-301F-11D3-BF4B-00C04F79EFBC}") = "06. Vowels Sum", "06. Vowels Sum\06. Vowels Sum.csproj", "{081E77EC-E98A-4349-AD11-0BBA9D8475B1}"
EndProject
Project("{FAE04EC0-301F-11D3-BF4B-00C04F79EFBC}") = "07. Sum Numbers", "07. Sum Numbers\07. Sum Numbers.csproj", "{A77536EF-72DA-4DF5-AB5F-0A0797026792}"
EndProject
Project("{FAE04EC0-301F-11D3-BF4B-00C04F79EFBC}") = "08. Number sequence", "08. Number sequence\08. Number sequence.csproj", "{D1B50D90-78E7-422B-9BE4-0F4BEF864569}"
EndProject
Project("{FAE04EC0-301F-11D3-BF4B-00C04F79EFBC}") = "09. Left and Right Sum", "09. Left and Right Sum\09. Left and Right Sum.csproj", "{7568F6F8-8911-4534-A432-7E80C5CBCCE7}"
EndProject
Project("{FAE04EC0-301F-11D3-BF4B-00C04F79EFBC}") = "10. Odd Even Sum", "10. Odd Even Sum\10. Odd Even Sum.csproj", "{88A82EE1-F658-40AB-9997-80D3ACB6C7D8}"
EndProject
Global
	GlobalSection(SolutionConfigurationPlatforms) = preSolution
		Debug|Any CPU = Debug|Any CPU
		Release|Any CPU = Release|Any CPU
	EndGlobalSection
	GlobalSection(ProjectConfigurationPlatforms) = postSolution
		{2A972EAE-9507-4B46-A835-06AE5C174C1E}.Debug|Any CPU.ActiveCfg = Debug|Any CPU
		{2A972EAE-9507-4B46-A835-06AE5C174C1E}.Debug|Any CPU.Build.0 = Debug|Any CPU
		{2A972EAE-9507-4B46-A835-06AE5C174C1E}.Release|Any CPU.ActiveCfg = Release|Any CPU
		{2A972EAE-9507-4B46-A835-06AE5C174C1E}.Release|Any CPU.Build.0 = Release|Any CPU
		{DBC45D25-2075-4B90-A18B-E3028987FAA0}.Debug|Any CPU.ActiveCfg = Debug|Any CPU
		{DBC45D25-2075-4B90-A18B-E3028987FAA0}.Debug|Any CPU.Build.0 = Debug|Any CPU
		{DBC45D25-2075-4B90-A18B-E3028987FAA0}.Release|Any CPU.ActiveCfg = Release|Any CPU
		{DBC45D25-2075-4B90-A18B-E3028987FAA0}.Release|Any CPU.Build.0 = Release|Any CPU
		{03924E02-DF72-4A06-A98D-E38CA58CA946}.Debug|Any CPU.ActiveCfg = Debug|Any CPU
		{03924E02-DF72-4A06-A98D-E38CA58CA946}.Debug|Any CPU.Build.0 = Debug|Any CPU
		{03924E02-DF72-4A06-A98D-E38CA58CA946}.Release|Any CPU.ActiveCfg = Release|Any CPU
		{03924E02-DF72-4A06-A98D-E38CA58CA946}.Release|Any CPU.Build.0 = Release|Any CPU
		{3AE452AF-15B9-4A20-BCD6-BEA9E0B8FBE9}.Debug|Any CPU.ActiveCfg = Debug|Any CPU
		{3AE452AF-15B9-4A20-BCD6-BEA9E0B8FBE9}.Debug|Any CPU.Build.0 = Debug|Any CPU
		{3AE452AF-15B9-4A20-BCD6-BEA9E0B8FBE9}.Release|Any CPU.ActiveCfg = Release|Any CPU
		{3AE452AF-15B9-4A20-BCD6-BEA9E0B8FBE9}.Release|Any CPU.Build.0 = Release|Any CPU
		{41B5082D-7BB2-43BA-91BE-43843175408A}.Debug|Any CPU.ActiveCfg = Debug|Any CPU
		{41B5082D-7BB2-43BA-91BE-43843175408A}.Debug|Any CPU.Build.0 = Debug|Any CPU
		{41B5082D-7BB2-43BA-91BE-43843175408A}.Release|Any CPU.ActiveCfg = Release|Any CPU
		{41B5082D-7BB2-43BA-91BE-43843175408A}.Release|Any CPU.Build.0 = Release|Any CPU
		{7694F702-CDA8-497A-94E2-01634A9CF264}.Debug|Any CPU.ActiveCfg = Debug|Any CPU
		{7694F702-CDA8-497A-94E2-01634A9CF264}.Debug|Any CPU.Build.0 = Debug|Any CPU
		{7694F702-CDA8-497A-94E2-01634A9CF264}.Release|Any CPU.ActiveCfg = Release|Any CPU
		{7694F702-CDA8-497A-94E2-01634A9CF264}.Release|Any CPU.Build.0 = Release|Any CPU
		{8AA893E9-BD5A-4511-AB73-3AC919B3D43A}.Debug|Any CPU.ActiveCfg = Debug|Any CPU
		{8AA893E9-BD5A-4511-AB73-3AC919B3D43A}.Debug|Any CPU.Build.0 = Debug|Any CPU
		{8AA893E9-BD5A-4511-AB73-3AC919B3D43A}.Release|Any CPU.ActiveCfg = Release|Any CPU
		{8AA893E9-BD5A-4511-AB73-3AC919B3D43A}.Release|Any CPU.Build.0 = Release|Any CPU
		{9B44D96D-A9B7-4F59-8D51-36049AD0B876}.Debug|Any CPU.ActiveCfg = Debug|Any CPU
		{9B44D96D-A9B7-4F59-8D51-36049AD0B876}.Debug|Any CPU.Build.0 = Debug|Any CPU
		{9B44D96D-A9B7-4F59-8D51-36049AD0B876}.Release|Any CPU.ActiveCfg = Release|Any CPU
		{9B44D96D-A9B7-4F59-8D51-36049AD0B876}.Release|Any CPU.Build.0 = Release|Any CPU
		{97679C37-EDF7-4C25-A70C-7AE51216B77B}.Debug|Any CPU.ActiveCfg = Debug|Any CPU
		{97679C37-EDF7-4C25-A70C-7AE51216B77B}.Debug|Any CPU.Build.0 = Debug|Any CPU
		{97679C37-EDF7-4C25-A70C-7AE51216B77B}.Release|Any CPU.ActiveCfg = Release|Any CPU
		{97679C37-EDF7-4C25-A70C-7AE51216B77B}.Release|Any CPU.Build.0 = Release|Any CPU
		{D68FF3E0-2EB3-4782-9F50-D7F33DA96204}.Debug|Any CPU.ActiveCfg = Debug|Any CPU
		{D68FF3E0-2EB3-4782-9F50-D7F33DA96204}.Debug|Any CPU.Build.0 = Debug|Any CPU
		{D68FF3E0-2EB3-4782-9F50-D7F33DA96204}.Release|Any CPU.ActiveCfg = Release|Any CPU
		{D68FF3E0-2EB3-4782-9F50-D7F33DA96204}.Release|Any CPU.Build.0 = Release|Any CPU
		{FBFA06B6-6178-4FFE-A854-29830ECB7047}.Debug|Any CPU.ActiveCfg = Debug|Any CPU
		{FBFA06B6-6178-4FFE-A854-29830ECB7047}.Debug|Any CPU.Build.0 = Debug|Any CPU
		{FBFA06B6-6178-4FFE-A854-29830ECB7047}.Release|Any CPU.ActiveCfg = Release|Any CPU
		{FBFA06B6-6178-4FFE-A854-29830ECB7047}.Release|Any CPU.Build.0 = Release|Any CPU
		{FD908C5C-3AAF-4DF1-85D5-4D8DEE0FE36A}.Debug|Any CPU.ActiveCfg = Debug|Any CPU
		{FD908C5C-3AAF-4DF1-85D5-4D8DEE0FE36A}.Debug|Any CPU.Build.0 = Debug|Any CPU
		{FD908C5C-3AAF-4DF1-85D5-4D8DEE0FE36A}.Release|Any CPU.ActiveCfg = Release|Any CPU
		{FD908C5C-3AAF-4DF1-85D5-4D8DEE0FE36A}.Release|Any CPU.Build.0 = Release|Any CPU
		{42A7A827-26BA-4FE4-9FF9-F03D8D4F2950}.Debug|Any CPU.ActiveCfg = Debug|Any CPU
		{42A7A827-26BA-4FE4-9FF9-F03D8D4F2950}.Debug|Any CPU.Build.0 = Debug|Any CPU
		{42A7A827-26BA-4FE4-9FF9-F03D8D4F2950}.Release|Any CPU.ActiveCfg = Release|Any CPU
		{42A7A827-26BA-4FE4-9FF9-F03D8D4F2950}.Release|Any CPU.Build.0 = Release|Any CPU
		{4F74AB11-7C23-41E7-891E-AFFB3923BFF5}.Debug|Any CPU.ActiveCfg = Debug|Any CPU
		{4F74AB11-7C23-41E7-891E-AFFB3923BFF5}.Debug|Any CPU.Build.0 = Debug|Any CPU
		{4F74AB11-7C23-41E7-891E-AFFB3923BFF5}.Release|Any CPU.ActiveCfg = Release|Any CPU
		{4F74AB11-7C23-41E7-891E-AFFB3923BFF5}.Release|Any CPU.Build.0 = Release|Any CPU
		{FD27AAA1-E9D8-4D95-B48F-599F579A8928}.Debug|Any CPU.ActiveCfg = Debug|Any CPU
		{FD27AAA1-E9D8-4D95-B48F-599F579A8928}.Debug|Any CPU.Build.0 = Debug|Any CPU
		{FD27AAA1-E9D8-4D95-B48F-599F579A8928}.Release|Any CPU.ActiveCfg = Release|Any CPU
		{FD27AAA1-E9D8-4D95-B48F-599F579A8928}.Release|Any CPU.Build.0 = Release|Any CPU
		{33AC8BF4-2D35-45F3-A53F-CC48BA6224A8}.Debug|Any CPU.ActiveCfg = Debug|Any CPU
		{33AC8BF4-2D35-45F3-A53F-CC48BA6224A8}.Debug|Any CPU.Build.0 = Debug|Any CPU
		{33AC8BF4-2D35-45F3-A53F-CC48BA6224A8}.Release|Any CPU.ActiveCfg = Release|Any CPU
		{33AC8BF4-2D35-45F3-A53F-CC48BA6224A8}.Release|Any CPU.Build.0 = Release|Any CPU
		{F4AF7A0F-6AE1-46D7-BDBB-B966C2587C59}.Debug|Any CPU.ActiveCfg = Debug|Any CPU
		{F4AF7A0F-6AE1-46D7-BDBB-B966C2587C59}.Debug|Any CPU.Build.0 = Debug|Any CPU
		{F4AF7A0F-6AE1-46D7-BDBB-B966C2587C59}.Release|Any CPU.ActiveCfg = Release|Any CPU
		{F4AF7A0F-6AE1-46D7-BDBB-B966C2587C59}.Release|Any CPU.Build.0 = Release|Any CPU
		{118B5F59-92D5-4405-B643-E79A8CB999DB}.Debug|Any CPU.ActiveCfg = Debug|Any CPU
		{118B5F59-92D5-4405-B643-E79A8CB999DB}.Debug|Any CPU.Build.0 = Debug|Any CPU
		{118B5F59-92D5-4405-B643-E79A8CB999DB}.Release|Any CPU.ActiveCfg = Release|Any CPU
		{118B5F59-92D5-4405-B643-E79A8CB999DB}.Release|Any CPU.Build.0 = Release|Any CPU
		{51CCD082-992E-46B2-80D5-C94C589617CD}.Debug|Any CPU.ActiveCfg = Debug|Any CPU
		{51CCD082-992E-46B2-80D5-C94C589617CD}.Debug|Any CPU.Build.0 = Debug|Any CPU
		{51CCD082-992E-46B2-80D5-C94C589617CD}.Release|Any CPU.ActiveCfg = Release|Any CPU
		{51CCD082-992E-46B2-80D5-C94C589617CD}.Release|Any CPU.Build.0 = Release|Any CPU
		{DC90E82F-8C59-4E55-8E34-6765482E1454}.Debug|Any CPU.ActiveCfg = Debug|Any CPU
		{DC90E82F-8C59-4E55-8E34-6765482E1454}.Debug|Any CPU.Build.0 = Debug|Any CPU
		{DC90E82F-8C59-4E55-8E34-6765482E1454}.Release|Any CPU.ActiveCfg = Release|Any CPU
		{DC90E82F-8C59-4E55-8E34-6765482E1454}.Release|Any CPU.Build.0 = Release|Any CPU
		{081E77EC-E98A-4349-AD11-0BBA9D8475B1}.Debug|Any CPU.ActiveCfg = Debug|Any CPU
		{081E77EC-E98A-4349-AD11-0BBA9D8475B1}.Debug|Any CPU.Build.0 = Debug|Any CPU
		{081E77EC-E98A-4349-AD11-0BBA9D8475B1}.Release|Any CPU.ActiveCfg = Release|Any CPU
		{081E77EC-E98A-4349-AD11-0BBA9D8475B1}.Release|Any CPU.Build.0 = Release|Any CPU
		{A77536EF-72DA-4DF5-AB5F-0A0797026792}.Debug|Any CPU.ActiveCfg = Debug|Any CPU
		{A77536EF-72DA-4DF5-AB5F-0A0797026792}.Debug|Any CPU.Build.0 = Debug|Any CPU
		{A77536EF-72DA-4DF5-AB5F-0A0797026792}.Release|Any CPU.ActiveCfg = Release|Any CPU
		{A77536EF-72DA-4DF5-AB5F-0A0797026792}.Release|Any CPU.Build.0 = Release|Any CPU
		{D1B50D90-78E7-422B-9BE4-0F4BEF864569}.Debug|Any CPU.ActiveCfg = Debug|Any CPU
		{D1B50D90-78E7-422B-9BE4-0F4BEF864569}.Debug|Any CPU.Build.0 = Debug|Any CPU
		{D1B50D90-78E7-422B-9BE4-0F4BEF864569}.Release|Any CPU.ActiveCfg = Release|Any CPU
		{D1B50D90-78E7-422B-9BE4-0F4BEF864569}.Release|Any CPU.Build.0 = Release|Any CPU
		{7568F6F8-8911-4534-A432-7E80C5CBCCE7}.Debug|Any CPU.ActiveCfg = Debug|Any CPU
		{7568F6F8-8911-4534-A432-7E80C5CBCCE7}.Debug|Any CPU.Build.0 = Debug|Any CPU
		{7568F6F8-8911-4534-A432-7E80C5CBCCE7}.Release|Any CPU.ActiveCfg = Release|Any CPU
		{7568F6F8-8911-4534-A432-7E80C5CBCCE7}.Release|Any CPU.Build.0 = Release|Any CPU
		{88A82EE1-F658-40AB-9997-80D3ACB6C7D8}.Debug|Any CPU.ActiveCfg = Debug|Any CPU
		{88A82EE1-F658-40AB-9997-80D3ACB6C7D8}.Debug|Any CPU.Build.0 = Debug|Any CPU
		{88A82EE1-F658-40AB-9997-80D3ACB6C7D8}.Release|Any CPU.ActiveCfg = Release|Any CPU
		{88A82EE1-F658-40AB-9997-80D3ACB6C7D8}.Release|Any CPU.Build.0 = Release|Any CPU
	EndGlobalSection
	GlobalSection(SolutionProperties) = preSolution
		HideSolutionNode = FALSE
	EndGlobalSection
	GlobalSection(ExtensibilityGlobals) = postSolution
		SolutionGuid = {9788CE1B-B225-4BE2-B681-ACEDDD631B30}
	EndGlobalSection
EndGlobal
