
Microsoft Visual Studio Solution File, Format Version 12.00
# Visual Studio 15
VisualStudioVersion = 15.0.28307.572
MinimumVisualStudioVersion = 10.0.40219.1
Project("{2150E333-8FDC-42A3-9474-1A3956D46DE8}") = "Interfaces and Abstraction - Lab", "Interfaces and Abstraction - Lab", "{971DE51C-771F-424E-B402-3329DB6FF3B1}"
EndProject
Project("{9A19103F-16F7-4668-BE54-9A1E7A4F7556}") = "Shapes", "Shapes\Shapes.csproj", "{2A5F73EF-6C1E-44E4-B2AC-437AE91CA2E0}"
EndProject
Project("{9A19103F-16F7-4668-BE54-9A1E7A4F7556}") = "Cars", "Cars\Cars.csproj", "{3117992C-C95A-4C51-AEA6-F4561674A50B}"
EndProject
Project("{2150E333-8FDC-42A3-9474-1A3956D46DE8}") = "Interfaces and Abstraction - Exercise", "Interfaces and Abstraction - Exercise", "{DCD0871B-002E-4FE7-BE95-1CE42E7D65FC}"
EndProject
Project("{FAE04EC0-301F-11D3-BF4B-00C04F79EFBC}") = "DefineAnInterfaceIPerson", "DefineAnInterfaceIPerson\DefineAnInterfaceIPerson.csproj", "{1E6370FC-CCCD-4B81-A042-A3033D1BD17B}"
EndProject
Project("{FAE04EC0-301F-11D3-BF4B-00C04F79EFBC}") = "MultipleImplementation", "MultipleImplementation\MultipleImplementation.csproj", "{C6599FB8-8E70-40CF-848C-80908A008EDA}"
EndProject
Project("{FAE04EC0-301F-11D3-BF4B-00C04F79EFBC}") = "Ferrari", "Ferrari\Ferrari.csproj", "{8739A7E9-DCB2-49D7-A571-0B02478EC679}"
EndProject
Project("{FAE04EC0-301F-11D3-BF4B-00C04F79EFBC}") = "Telephony", "Telephony\Telephony.csproj", "{2A7763B4-D3AE-4F15-BF4E-EC7703C23EE3}"
EndProject
Project("{FAE04EC0-301F-11D3-BF4B-00C04F79EFBC}") = "BorderControl", "BorderControl\BorderControl.csproj", "{1A945F37-257A-420F-9DB3-B869318BF3F0}"
EndProject
Project("{FAE04EC0-301F-11D3-BF4B-00C04F79EFBC}") = "BirthdayCelebrations", "BirthdayCelebrations\BirthdayCelebrations.csproj", "{69857C51-9BD4-44E0-AFB7-289CB9C0B2E0}"
EndProject
Project("{FAE04EC0-301F-11D3-BF4B-00C04F79EFBC}") = "FoodShortage", "FoodShortage\FoodShortage.csproj", "{F2BD2362-551D-4B23-8B52-387523D64B79}"
EndProject
Project("{FAE04EC0-301F-11D3-BF4B-00C04F79EFBC}") = "CollectionHierarchy", "CollectionHierarchy\CollectionHierarchy.csproj", "{0201A31F-C51F-436E-9074-8638EF25F191}"
EndProject
Project("{FAE04EC0-301F-11D3-BF4B-00C04F79EFBC}") = "ExplicitInterfaces", "ExplicitInterfaces\ExplicitInterfaces.csproj", "{9F162608-D1C9-4374-BC71-F442D3768C44}"
EndProject
Global
	GlobalSection(SolutionConfigurationPlatforms) = preSolution
		Debug|Any CPU = Debug|Any CPU
		Release|Any CPU = Release|Any CPU
	EndGlobalSection
	GlobalSection(ProjectConfigurationPlatforms) = postSolution
		{2A5F73EF-6C1E-44E4-B2AC-437AE91CA2E0}.Debug|Any CPU.ActiveCfg = Debug|Any CPU
		{2A5F73EF-6C1E-44E4-B2AC-437AE91CA2E0}.Debug|Any CPU.Build.0 = Debug|Any CPU
		{2A5F73EF-6C1E-44E4-B2AC-437AE91CA2E0}.Release|Any CPU.ActiveCfg = Release|Any CPU
		{2A5F73EF-6C1E-44E4-B2AC-437AE91CA2E0}.Release|Any CPU.Build.0 = Release|Any CPU
		{3117992C-C95A-4C51-AEA6-F4561674A50B}.Debug|Any CPU.ActiveCfg = Debug|Any CPU
		{3117992C-C95A-4C51-AEA6-F4561674A50B}.Debug|Any CPU.Build.0 = Debug|Any CPU
		{3117992C-C95A-4C51-AEA6-F4561674A50B}.Release|Any CPU.ActiveCfg = Release|Any CPU
		{3117992C-C95A-4C51-AEA6-F4561674A50B}.Release|Any CPU.Build.0 = Release|Any CPU
		{1E6370FC-CCCD-4B81-A042-A3033D1BD17B}.Debug|Any CPU.ActiveCfg = Debug|Any CPU
		{1E6370FC-CCCD-4B81-A042-A3033D1BD17B}.Debug|Any CPU.Build.0 = Debug|Any CPU
		{1E6370FC-CCCD-4B81-A042-A3033D1BD17B}.Release|Any CPU.ActiveCfg = Release|Any CPU
		{1E6370FC-CCCD-4B81-A042-A3033D1BD17B}.Release|Any CPU.Build.0 = Release|Any CPU
		{C6599FB8-8E70-40CF-848C-80908A008EDA}.Debug|Any CPU.ActiveCfg = Debug|Any CPU
		{C6599FB8-8E70-40CF-848C-80908A008EDA}.Debug|Any CPU.Build.0 = Debug|Any CPU
		{C6599FB8-8E70-40CF-848C-80908A008EDA}.Release|Any CPU.ActiveCfg = Release|Any CPU
		{C6599FB8-8E70-40CF-848C-80908A008EDA}.Release|Any CPU.Build.0 = Release|Any CPU
		{8739A7E9-DCB2-49D7-A571-0B02478EC679}.Debug|Any CPU.ActiveCfg = Debug|Any CPU
		{8739A7E9-DCB2-49D7-A571-0B02478EC679}.Debug|Any CPU.Build.0 = Debug|Any CPU
		{8739A7E9-DCB2-49D7-A571-0B02478EC679}.Release|Any CPU.ActiveCfg = Release|Any CPU
		{8739A7E9-DCB2-49D7-A571-0B02478EC679}.Release|Any CPU.Build.0 = Release|Any CPU
		{2A7763B4-D3AE-4F15-BF4E-EC7703C23EE3}.Debug|Any CPU.ActiveCfg = Debug|Any CPU
		{2A7763B4-D3AE-4F15-BF4E-EC7703C23EE3}.Debug|Any CPU.Build.0 = Debug|Any CPU
		{2A7763B4-D3AE-4F15-BF4E-EC7703C23EE3}.Release|Any CPU.ActiveCfg = Release|Any CPU
		{2A7763B4-D3AE-4F15-BF4E-EC7703C23EE3}.Release|Any CPU.Build.0 = Release|Any CPU
		{1A945F37-257A-420F-9DB3-B869318BF3F0}.Debug|Any CPU.ActiveCfg = Debug|Any CPU
		{1A945F37-257A-420F-9DB3-B869318BF3F0}.Debug|Any CPU.Build.0 = Debug|Any CPU
		{1A945F37-257A-420F-9DB3-B869318BF3F0}.Release|Any CPU.ActiveCfg = Release|Any CPU
		{1A945F37-257A-420F-9DB3-B869318BF3F0}.Release|Any CPU.Build.0 = Release|Any CPU
		{69857C51-9BD4-44E0-AFB7-289CB9C0B2E0}.Debug|Any CPU.ActiveCfg = Debug|Any CPU
		{69857C51-9BD4-44E0-AFB7-289CB9C0B2E0}.Debug|Any CPU.Build.0 = Debug|Any CPU
		{69857C51-9BD4-44E0-AFB7-289CB9C0B2E0}.Release|Any CPU.ActiveCfg = Release|Any CPU
		{69857C51-9BD4-44E0-AFB7-289CB9C0B2E0}.Release|Any CPU.Build.0 = Release|Any CPU
		{F2BD2362-551D-4B23-8B52-387523D64B79}.Debug|Any CPU.ActiveCfg = Debug|Any CPU
		{F2BD2362-551D-4B23-8B52-387523D64B79}.Debug|Any CPU.Build.0 = Debug|Any CPU
		{F2BD2362-551D-4B23-8B52-387523D64B79}.Release|Any CPU.ActiveCfg = Release|Any CPU
		{F2BD2362-551D-4B23-8B52-387523D64B79}.Release|Any CPU.Build.0 = Release|Any CPU
		{0201A31F-C51F-436E-9074-8638EF25F191}.Debug|Any CPU.ActiveCfg = Debug|Any CPU
		{0201A31F-C51F-436E-9074-8638EF25F191}.Debug|Any CPU.Build.0 = Debug|Any CPU
		{0201A31F-C51F-436E-9074-8638EF25F191}.Release|Any CPU.ActiveCfg = Release|Any CPU
		{0201A31F-C51F-436E-9074-8638EF25F191}.Release|Any CPU.Build.0 = Release|Any CPU
		{9F162608-D1C9-4374-BC71-F442D3768C44}.Debug|Any CPU.ActiveCfg = Debug|Any CPU
		{9F162608-D1C9-4374-BC71-F442D3768C44}.Debug|Any CPU.Build.0 = Debug|Any CPU
		{9F162608-D1C9-4374-BC71-F442D3768C44}.Release|Any CPU.ActiveCfg = Release|Any CPU
		{9F162608-D1C9-4374-BC71-F442D3768C44}.Release|Any CPU.Build.0 = Release|Any CPU
	EndGlobalSection
	GlobalSection(SolutionProperties) = preSolution
		HideSolutionNode = FALSE
	EndGlobalSection
	GlobalSection(NestedProjects) = preSolution
		{2A5F73EF-6C1E-44E4-B2AC-437AE91CA2E0} = {971DE51C-771F-424E-B402-3329DB6FF3B1}
		{3117992C-C95A-4C51-AEA6-F4561674A50B} = {971DE51C-771F-424E-B402-3329DB6FF3B1}
		{1E6370FC-CCCD-4B81-A042-A3033D1BD17B} = {DCD0871B-002E-4FE7-BE95-1CE42E7D65FC}
		{C6599FB8-8E70-40CF-848C-80908A008EDA} = {DCD0871B-002E-4FE7-BE95-1CE42E7D65FC}
		{8739A7E9-DCB2-49D7-A571-0B02478EC679} = {DCD0871B-002E-4FE7-BE95-1CE42E7D65FC}
		{2A7763B4-D3AE-4F15-BF4E-EC7703C23EE3} = {DCD0871B-002E-4FE7-BE95-1CE42E7D65FC}
		{1A945F37-257A-420F-9DB3-B869318BF3F0} = {DCD0871B-002E-4FE7-BE95-1CE42E7D65FC}
		{69857C51-9BD4-44E0-AFB7-289CB9C0B2E0} = {DCD0871B-002E-4FE7-BE95-1CE42E7D65FC}
		{F2BD2362-551D-4B23-8B52-387523D64B79} = {DCD0871B-002E-4FE7-BE95-1CE42E7D65FC}
		{0201A31F-C51F-436E-9074-8638EF25F191} = {DCD0871B-002E-4FE7-BE95-1CE42E7D65FC}
		{9F162608-D1C9-4374-BC71-F442D3768C44} = {DCD0871B-002E-4FE7-BE95-1CE42E7D65FC}
	EndGlobalSection
	GlobalSection(ExtensibilityGlobals) = postSolution
		SolutionGuid = {4F86FF3C-B06F-4970-9032-6E5095B84D7B}
	EndGlobalSection
EndGlobal
