
Microsoft Visual Studio Solution File, Format Version 12.00
# Visual Studio 15
VisualStudioVersion = 15.0.28307.572
MinimumVisualStudioVersion = 10.0.40219.1
Project("{2150E333-8FDC-42A3-9474-1A3956D46DE8}") = "Functional Programming - Lab", "Functional Programming - Lab", "{523EA59B-8252-4482-B036-9EA914D29F2C}"
EndProject
Project("{2150E333-8FDC-42A3-9474-1A3956D46DE8}") = "Functional Programming - Exercise", "Functional Programming - Exercise", "{723F8460-773D-4716-B522-4B1C92B42F55}"
EndProject
Project("{FAE04EC0-301F-11D3-BF4B-00C04F79EFBC}") = "01. Sort Even Numbers _", "01. Sort Even Numbers _\01. Sort Even Numbers _.csproj", "{7168B28C-2C73-4B16-ABEA-60CCCC43BB34}"
EndProject
Project("{FAE04EC0-301F-11D3-BF4B-00C04F79EFBC}") = "02. Sum Numbers", "02. Sum Numbers\02. Sum Numbers.csproj", "{983FB3BF-91B4-4F61-9DE8-E8941CC6E864}"
EndProject
Project("{FAE04EC0-301F-11D3-BF4B-00C04F79EFBC}") = "03. Count Uppercase Words", "03. Count Uppercase Words\03. Count Uppercase Words.csproj", "{D8F16B05-41E3-4DEF-8D30-40525F98FE0C}"
EndProject
Project("{FAE04EC0-301F-11D3-BF4B-00C04F79EFBC}") = "04. Add VAT", "04. Add VAT\04. Add VAT.csproj", "{9951C718-C4C1-41C9-9179-146F41C3DDCA}"
EndProject
Project("{FAE04EC0-301F-11D3-BF4B-00C04F79EFBC}") = "05. Filter By Age", "05. Filter By Age\05. Filter By Age.csproj", "{0A36534B-29CF-48C5-8FBC-75D7816B13C3}"
EndProject
Project("{FAE04EC0-301F-11D3-BF4B-00C04F79EFBC}") = "01. Action Print", "01. Action Print\01. Action Print.csproj", "{6FB25599-3283-4EAB-B764-531115D3A02A}"
EndProject
Project("{FAE04EC0-301F-11D3-BF4B-00C04F79EFBC}") = "03. Custom Min Function", "3. Custom Min Function\03. Custom Min Function.csproj", "{23B3A5AE-0983-4262-A3B7-0A026D2BE383}"
EndProject
Project("{FAE04EC0-301F-11D3-BF4B-00C04F79EFBC}") = "04. Find Evens or Odds", "04. Find Evens or Odds\04. Find Evens or Odds.csproj", "{C2E5EEA2-7AF8-4501-BA93-A16FFB475DA0}"
EndProject
Project("{FAE04EC0-301F-11D3-BF4B-00C04F79EFBC}") = "02. Knights of Honor", "02. Knights of Honor\02. Knights of Honor.csproj", "{DF9F73B7-E739-4FD6-AC4E-970C986655D1}"
EndProject
Project("{FAE04EC0-301F-11D3-BF4B-00C04F79EFBC}") = "05. Applied Arithmetics", "05. Applied Arithmetics\05. Applied Arithmetics.csproj", "{7F635D80-E0ED-4847-86F1-80AA3838B31D}"
EndProject
Project("{FAE04EC0-301F-11D3-BF4B-00C04F79EFBC}") = "06. Reverse And Exclude", "06. Reverse And Exclude\06. Reverse And Exclude.csproj", "{B49989C0-F1B2-4EE0-98EB-1CE3B0A7CBCA}"
EndProject
Project("{FAE04EC0-301F-11D3-BF4B-00C04F79EFBC}") = "07. Predicate For Names", "07. Predicate For Names\07. Predicate For Names.csproj", "{DBE27E08-52DB-409F-B968-C00C3958D496}"
EndProject
Project("{FAE04EC0-301F-11D3-BF4B-00C04F79EFBC}") = "09. List Of Predicates", "09. List Of Predicates\09. List Of Predicates.csproj", "{88227406-6C73-42DD-A347-9DE572D209A0}"
EndProject
Project("{FAE04EC0-301F-11D3-BF4B-00C04F79EFBC}") = "10. Predicate party", "10. Predicate party\10. Predicate party.csproj", "{2E6A8FFD-2364-4457-B0FD-C650419FCC2A}"
EndProject
Project("{FAE04EC0-301F-11D3-BF4B-00C04F79EFBC}") = "11. The Party Reservation Filter Module", "11. The Party Reservation Filter Module\11. The Party Reservation Filter Module.csproj", "{9A89C026-B158-4AD9-8AF4-D5055EE0F9C0}"
EndProject
Project("{FAE04EC0-301F-11D3-BF4B-00C04F79EFBC}") = "12. TriFunction", "12. TriFunction\12. TriFunction.csproj", "{6C402856-8392-4FBE-A931-4E1A8BF29D3C}"
EndProject
Global
	GlobalSection(SolutionConfigurationPlatforms) = preSolution
		Debug|Any CPU = Debug|Any CPU
		Release|Any CPU = Release|Any CPU
	EndGlobalSection
	GlobalSection(ProjectConfigurationPlatforms) = postSolution
		{7168B28C-2C73-4B16-ABEA-60CCCC43BB34}.Debug|Any CPU.ActiveCfg = Debug|Any CPU
		{7168B28C-2C73-4B16-ABEA-60CCCC43BB34}.Debug|Any CPU.Build.0 = Debug|Any CPU
		{7168B28C-2C73-4B16-ABEA-60CCCC43BB34}.Release|Any CPU.ActiveCfg = Release|Any CPU
		{7168B28C-2C73-4B16-ABEA-60CCCC43BB34}.Release|Any CPU.Build.0 = Release|Any CPU
		{983FB3BF-91B4-4F61-9DE8-E8941CC6E864}.Debug|Any CPU.ActiveCfg = Debug|Any CPU
		{983FB3BF-91B4-4F61-9DE8-E8941CC6E864}.Debug|Any CPU.Build.0 = Debug|Any CPU
		{983FB3BF-91B4-4F61-9DE8-E8941CC6E864}.Release|Any CPU.ActiveCfg = Release|Any CPU
		{983FB3BF-91B4-4F61-9DE8-E8941CC6E864}.Release|Any CPU.Build.0 = Release|Any CPU
		{D8F16B05-41E3-4DEF-8D30-40525F98FE0C}.Debug|Any CPU.ActiveCfg = Debug|Any CPU
		{D8F16B05-41E3-4DEF-8D30-40525F98FE0C}.Debug|Any CPU.Build.0 = Debug|Any CPU
		{D8F16B05-41E3-4DEF-8D30-40525F98FE0C}.Release|Any CPU.ActiveCfg = Release|Any CPU
		{D8F16B05-41E3-4DEF-8D30-40525F98FE0C}.Release|Any CPU.Build.0 = Release|Any CPU
		{9951C718-C4C1-41C9-9179-146F41C3DDCA}.Debug|Any CPU.ActiveCfg = Debug|Any CPU
		{9951C718-C4C1-41C9-9179-146F41C3DDCA}.Debug|Any CPU.Build.0 = Debug|Any CPU
		{9951C718-C4C1-41C9-9179-146F41C3DDCA}.Release|Any CPU.ActiveCfg = Release|Any CPU
		{9951C718-C4C1-41C9-9179-146F41C3DDCA}.Release|Any CPU.Build.0 = Release|Any CPU
		{0A36534B-29CF-48C5-8FBC-75D7816B13C3}.Debug|Any CPU.ActiveCfg = Debug|Any CPU
		{0A36534B-29CF-48C5-8FBC-75D7816B13C3}.Debug|Any CPU.Build.0 = Debug|Any CPU
		{0A36534B-29CF-48C5-8FBC-75D7816B13C3}.Release|Any CPU.ActiveCfg = Release|Any CPU
		{0A36534B-29CF-48C5-8FBC-75D7816B13C3}.Release|Any CPU.Build.0 = Release|Any CPU
		{6FB25599-3283-4EAB-B764-531115D3A02A}.Debug|Any CPU.ActiveCfg = Debug|Any CPU
		{6FB25599-3283-4EAB-B764-531115D3A02A}.Debug|Any CPU.Build.0 = Debug|Any CPU
		{6FB25599-3283-4EAB-B764-531115D3A02A}.Release|Any CPU.ActiveCfg = Release|Any CPU
		{6FB25599-3283-4EAB-B764-531115D3A02A}.Release|Any CPU.Build.0 = Release|Any CPU
		{23B3A5AE-0983-4262-A3B7-0A026D2BE383}.Debug|Any CPU.ActiveCfg = Debug|Any CPU
		{23B3A5AE-0983-4262-A3B7-0A026D2BE383}.Debug|Any CPU.Build.0 = Debug|Any CPU
		{23B3A5AE-0983-4262-A3B7-0A026D2BE383}.Release|Any CPU.ActiveCfg = Release|Any CPU
		{23B3A5AE-0983-4262-A3B7-0A026D2BE383}.Release|Any CPU.Build.0 = Release|Any CPU
		{C2E5EEA2-7AF8-4501-BA93-A16FFB475DA0}.Debug|Any CPU.ActiveCfg = Debug|Any CPU
		{C2E5EEA2-7AF8-4501-BA93-A16FFB475DA0}.Debug|Any CPU.Build.0 = Debug|Any CPU
		{C2E5EEA2-7AF8-4501-BA93-A16FFB475DA0}.Release|Any CPU.ActiveCfg = Release|Any CPU
		{C2E5EEA2-7AF8-4501-BA93-A16FFB475DA0}.Release|Any CPU.Build.0 = Release|Any CPU
		{DF9F73B7-E739-4FD6-AC4E-970C986655D1}.Debug|Any CPU.ActiveCfg = Debug|Any CPU
		{DF9F73B7-E739-4FD6-AC4E-970C986655D1}.Debug|Any CPU.Build.0 = Debug|Any CPU
		{DF9F73B7-E739-4FD6-AC4E-970C986655D1}.Release|Any CPU.ActiveCfg = Release|Any CPU
		{DF9F73B7-E739-4FD6-AC4E-970C986655D1}.Release|Any CPU.Build.0 = Release|Any CPU
		{7F635D80-E0ED-4847-86F1-80AA3838B31D}.Debug|Any CPU.ActiveCfg = Debug|Any CPU
		{7F635D80-E0ED-4847-86F1-80AA3838B31D}.Debug|Any CPU.Build.0 = Debug|Any CPU
		{7F635D80-E0ED-4847-86F1-80AA3838B31D}.Release|Any CPU.ActiveCfg = Release|Any CPU
		{7F635D80-E0ED-4847-86F1-80AA3838B31D}.Release|Any CPU.Build.0 = Release|Any CPU
		{B49989C0-F1B2-4EE0-98EB-1CE3B0A7CBCA}.Debug|Any CPU.ActiveCfg = Debug|Any CPU
		{B49989C0-F1B2-4EE0-98EB-1CE3B0A7CBCA}.Debug|Any CPU.Build.0 = Debug|Any CPU
		{B49989C0-F1B2-4EE0-98EB-1CE3B0A7CBCA}.Release|Any CPU.ActiveCfg = Release|Any CPU
		{B49989C0-F1B2-4EE0-98EB-1CE3B0A7CBCA}.Release|Any CPU.Build.0 = Release|Any CPU
		{DBE27E08-52DB-409F-B968-C00C3958D496}.Debug|Any CPU.ActiveCfg = Debug|Any CPU
		{DBE27E08-52DB-409F-B968-C00C3958D496}.Debug|Any CPU.Build.0 = Debug|Any CPU
		{DBE27E08-52DB-409F-B968-C00C3958D496}.Release|Any CPU.ActiveCfg = Release|Any CPU
		{DBE27E08-52DB-409F-B968-C00C3958D496}.Release|Any CPU.Build.0 = Release|Any CPU
		{88227406-6C73-42DD-A347-9DE572D209A0}.Debug|Any CPU.ActiveCfg = Debug|Any CPU
		{88227406-6C73-42DD-A347-9DE572D209A0}.Debug|Any CPU.Build.0 = Debug|Any CPU
		{88227406-6C73-42DD-A347-9DE572D209A0}.Release|Any CPU.ActiveCfg = Release|Any CPU
		{88227406-6C73-42DD-A347-9DE572D209A0}.Release|Any CPU.Build.0 = Release|Any CPU
		{2E6A8FFD-2364-4457-B0FD-C650419FCC2A}.Debug|Any CPU.ActiveCfg = Debug|Any CPU
		{2E6A8FFD-2364-4457-B0FD-C650419FCC2A}.Debug|Any CPU.Build.0 = Debug|Any CPU
		{2E6A8FFD-2364-4457-B0FD-C650419FCC2A}.Release|Any CPU.ActiveCfg = Release|Any CPU
		{2E6A8FFD-2364-4457-B0FD-C650419FCC2A}.Release|Any CPU.Build.0 = Release|Any CPU
		{9A89C026-B158-4AD9-8AF4-D5055EE0F9C0}.Debug|Any CPU.ActiveCfg = Debug|Any CPU
		{9A89C026-B158-4AD9-8AF4-D5055EE0F9C0}.Debug|Any CPU.Build.0 = Debug|Any CPU
		{9A89C026-B158-4AD9-8AF4-D5055EE0F9C0}.Release|Any CPU.ActiveCfg = Release|Any CPU
		{9A89C026-B158-4AD9-8AF4-D5055EE0F9C0}.Release|Any CPU.Build.0 = Release|Any CPU
		{6C402856-8392-4FBE-A931-4E1A8BF29D3C}.Debug|Any CPU.ActiveCfg = Debug|Any CPU
		{6C402856-8392-4FBE-A931-4E1A8BF29D3C}.Debug|Any CPU.Build.0 = Debug|Any CPU
		{6C402856-8392-4FBE-A931-4E1A8BF29D3C}.Release|Any CPU.ActiveCfg = Release|Any CPU
		{6C402856-8392-4FBE-A931-4E1A8BF29D3C}.Release|Any CPU.Build.0 = Release|Any CPU
	EndGlobalSection
	GlobalSection(SolutionProperties) = preSolution
		HideSolutionNode = FALSE
	EndGlobalSection
	GlobalSection(NestedProjects) = preSolution
		{7168B28C-2C73-4B16-ABEA-60CCCC43BB34} = {523EA59B-8252-4482-B036-9EA914D29F2C}
		{983FB3BF-91B4-4F61-9DE8-E8941CC6E864} = {523EA59B-8252-4482-B036-9EA914D29F2C}
		{D8F16B05-41E3-4DEF-8D30-40525F98FE0C} = {523EA59B-8252-4482-B036-9EA914D29F2C}
		{9951C718-C4C1-41C9-9179-146F41C3DDCA} = {523EA59B-8252-4482-B036-9EA914D29F2C}
		{0A36534B-29CF-48C5-8FBC-75D7816B13C3} = {523EA59B-8252-4482-B036-9EA914D29F2C}
		{6FB25599-3283-4EAB-B764-531115D3A02A} = {723F8460-773D-4716-B522-4B1C92B42F55}
		{23B3A5AE-0983-4262-A3B7-0A026D2BE383} = {723F8460-773D-4716-B522-4B1C92B42F55}
		{C2E5EEA2-7AF8-4501-BA93-A16FFB475DA0} = {723F8460-773D-4716-B522-4B1C92B42F55}
		{DF9F73B7-E739-4FD6-AC4E-970C986655D1} = {723F8460-773D-4716-B522-4B1C92B42F55}
		{7F635D80-E0ED-4847-86F1-80AA3838B31D} = {723F8460-773D-4716-B522-4B1C92B42F55}
		{B49989C0-F1B2-4EE0-98EB-1CE3B0A7CBCA} = {723F8460-773D-4716-B522-4B1C92B42F55}
		{DBE27E08-52DB-409F-B968-C00C3958D496} = {723F8460-773D-4716-B522-4B1C92B42F55}
		{88227406-6C73-42DD-A347-9DE572D209A0} = {723F8460-773D-4716-B522-4B1C92B42F55}
		{2E6A8FFD-2364-4457-B0FD-C650419FCC2A} = {723F8460-773D-4716-B522-4B1C92B42F55}
		{9A89C026-B158-4AD9-8AF4-D5055EE0F9C0} = {723F8460-773D-4716-B522-4B1C92B42F55}
		{6C402856-8392-4FBE-A931-4E1A8BF29D3C} = {723F8460-773D-4716-B522-4B1C92B42F55}
	EndGlobalSection
	GlobalSection(ExtensibilityGlobals) = postSolution
		SolutionGuid = {17DB4851-EFF9-415A-B525-9F2EEAB2641E}
	EndGlobalSection
EndGlobal
