
Microsoft Visual Studio Solution File, Format Version 12.00
# Visual Studio 15
VisualStudioVersion = 15.0.28307.572
MinimumVisualStudioVersion = 10.0.40219.1
Project("{2150E333-8FDC-42A3-9474-1A3956D46DE8}") = "02 March 2019", "02 March 2019", "{34B8E479-C39E-43E9-8F08-18AB20F2F134}"
EndProject
Project("{9A19103F-16F7-4668-BE54-9A1E7A4F7556}") = "01. Cooking Masterclass", "..\Programming Fundamentals\Exams\02 March 2019\Code\02 March 2019\01. Cooking Masterclass\01. Cooking Masterclass.csproj", "{2CA04A18-F297-485C-9D3C-98461CC7C655}"
EndProject
Project("{9A19103F-16F7-4668-BE54-9A1E7A4F7556}") = "02. Bread Factory", "..\Programming Fundamentals\Exams\02 March 2019\Code\02 March 2019\02. Bread Factory\02. Bread Factory.csproj", "{C5BA0771-042A-4A5F-BA59-368653A5975F}"
EndProject
Project("{9A19103F-16F7-4668-BE54-9A1E7A4F7556}") = "03. Coocing Factory_onother", "..\Programming Fundamentals\Exams\02 March 2019\Code\02 March 2019\03. Coocing Factory_onother\03. Coocing Factory_onother.csproj", "{451548C5-79E8-4E88-85B4-E4FE269E141E}"
EndProject
Project("{9A19103F-16F7-4668-BE54-9A1E7A4F7556}") = "03. Cooking Factory", "..\Programming Fundamentals\Exams\02 March 2019\Code\02 March 2019\03. Cooking Factory\03. Cooking Factory.csproj", "{71B2F99F-B228-40F4-AFF4-4C897B91F851}"
EndProject
Project("{2150E333-8FDC-42A3-9474-1A3956D46DE8}") = "4 November 2018", "4 November 2018", "{A7EA22BE-7A7C-4FA1-B7AE-C1092C91B2C4}"
EndProject
Project("{9A19103F-16F7-4668-BE54-9A1E7A4F7556}") = "Problem 1. Party Profit", "..\Programming Fundamentals\Exams\4 November 2018\Code\MidExam 4 November\Problem 1. Party Profit\Problem 1. Party Profit.csproj", "{1A6363E4-3A24-4112-BFE6-A3094A8EC287}"
EndProject
Project("{9A19103F-16F7-4668-BE54-9A1E7A4F7556}") = "Problem 2. Dungeonest Dark", "..\Programming Fundamentals\Exams\4 November 2018\Code\MidExam 4 November\Problem 2. Dungeonest Dark\Problem 2. Dungeonest Dark.csproj", "{A276E3F0-931A-4197-AFC5-DADFC33DD743}"
EndProject
Project("{9A19103F-16F7-4668-BE54-9A1E7A4F7556}") = "03. Quests Journal", "..\Programming Fundamentals\Exams\4 November 2018\Code\MidExam 4 November\03. Quests Journal\03. Quests Journal.csproj", "{1F19DFEE-4934-4BEB-9508-C45C88DE5098}"
EndProject
Project("{2150E333-8FDC-42A3-9474-1A3956D46DE8}") = "10 March 2019 Group 1", "10 March 2019 Group 1", "{B11A7760-586F-4D09-A891-CC886C2D8E5D}"
EndProject
Project("{9A19103F-16F7-4668-BE54-9A1E7A4F7556}") = "01. Spring Vacation Trip", "..\Programming Fundamentals\Exams\10 March 2019 Group 1\Code\Exams\01. Spring Vacation Trip\01. Spring Vacation Trip.csproj", "{88AB616A-21AB-4C1E-9172-C81643F090B5}"
EndProject
Project("{9A19103F-16F7-4668-BE54-9A1E7A4F7556}") = "02. Hello, France", "..\Programming Fundamentals\Exams\10 March 2019 Group 1\Code\Exams\02. Hello, France\02. Hello, France.csproj", "{39EE0A8E-5934-422A-B7C1-E0397D5FBE8E}"
EndProject
Project("{9A19103F-16F7-4668-BE54-9A1E7A4F7556}") = "02. Hello, France_other", "..\Programming Fundamentals\Exams\10 March 2019 Group 1\Code\Exams\02. Hello, France_other\02. Hello, France_other.csproj", "{B7C89B65-F7E7-45B9-8DE9-6A12E35C626D}"
EndProject
Project("{9A19103F-16F7-4668-BE54-9A1E7A4F7556}") = "old_02.HAlloFrance", "..\Programming Fundamentals\Exams\10 March 2019 Group 1\Code\Exams\02.HAlloFrance\old_02.HAlloFrance.csproj", "{D2477D2C-58D2-4987-B65A-5692C0CA247C}"
EndProject
Project("{9A19103F-16F7-4668-BE54-9A1E7A4F7556}") = "03. Last Stop", "..\Programming Fundamentals\Exams\10 March 2019 Group 1\Code\Exams\03. Last Stop\03. Last Stop.csproj", "{0F9A3C72-E5C3-4961-9AA0-FE80BFD78981}"
EndProject
Project("{2150E333-8FDC-42A3-9474-1A3956D46DE8}") = "16 April 2019", "16 April 2019", "{0DF2195A-805F-4234-BE43-5BD33D5D612A}"
EndProject
Project("{9A19103F-16F7-4668-BE54-9A1E7A4F7556}") = "01. Easter Cozonacs", "..\Programming Fundamentals\Exams\16 April 2019\Code\16 April 2019\01. Easter Cozonacs\01. Easter Cozonacs.csproj", "{3B0564AB-FEC7-47F6-BA3B-EC286C8B7F98}"
EndProject
Project("{9A19103F-16F7-4668-BE54-9A1E7A4F7556}") = "02. Easter Gifts", "..\Programming Fundamentals\Exams\16 April 2019\Code\16 April 2019\02. Easter Gifts\02. Easter Gifts.csproj", "{DCB6E711-D8AF-4F4F-A077-6FE810D403B2}"
EndProject
Project("{9A19103F-16F7-4668-BE54-9A1E7A4F7556}") = "03. Easter Shopping", "..\Programming Fundamentals\Exams\16 April 2019\Code\16 April 2019\03. Easter Shopping\03. Easter Shopping.csproj", "{4CAB0507-F118-498F-B547-A9F8F1B23BDE}"
EndProject
Project("{2150E333-8FDC-42A3-9474-1A3956D46DE8}") = "18 December 2018", "18 December 2018", "{04335017-B31B-4E52-A842-BFC230B5D5BB}"
EndProject
Project("{9A19103F-16F7-4668-BE54-9A1E7A4F7556}") = "Problem 1. Christmas Spirit", "..\Programming Fundamentals\Exams\18 December 2018\Code\18 December 2018\18 December 2018\Problem 1. Christmas Spirit.csproj", "{73EFFF53-DA11-4826-BDC8-3635EDD62F75}"
EndProject
Project("{9A19103F-16F7-4668-BE54-9A1E7A4F7556}") = "02. Santa's List", "..\Programming Fundamentals\Exams\18 December 2018\Code\18 December 2018\02. Santa's List\02. Santa's List.csproj", "{EAD77E2E-B9F0-4609-B3B1-862D423F4B5E}"
EndProject
Project("{9A19103F-16F7-4668-BE54-9A1E7A4F7556}") = "03. Present Delivery", "..\Programming Fundamentals\Exams\18 December 2018\Code\18 December 2018\03. Present Delivery\03. Present Delivery.csproj", "{BC1CEFA8-7EE2-46E6-867C-EE36014A9E07}"
EndProject
Project("{9A19103F-16F7-4668-BE54-9A1E7A4F7556}") = "03. Present Delivery_other solution", "..\Programming Fundamentals\Exams\18 December 2018\Code\18 December 2018\03. Present Delivery_other solution\03. Present Delivery_other solution.csproj", "{C034B09E-0D4F-417D-A4CD-49343D78BBD2}"
EndProject
Project("{2150E333-8FDC-42A3-9474-1A3956D46DE8}") = "Demo 22.06.2019", "Demo 22.06.2019", "{CB2F653F-822D-4395-890E-1F6465155EF9}"
EndProject
Project("{9A19103F-16F7-4668-BE54-9A1E7A4F7556}") = "Easter Gifts", "..\Programming Fundamentals\Exams\Demo 22.06.2019\Code\Solution1\Easter Gifts\Easter Gifts.csproj", "{44119066-4CC3-48A4-B8B6-74840528B1E5}"
EndProject
Project("{9A19103F-16F7-4668-BE54-9A1E7A4F7556}") = "Last Stop", "..\Programming Fundamentals\Exams\Demo 22.06.2019\Code\Solution1\Last Stop\Last Stop.csproj", "{FBC1AF28-02B5-45DB-90BC-9C1D732D03FA}"
EndProject
Project("{9A19103F-16F7-4668-BE54-9A1E7A4F7556}") = "Party Profit", "..\Programming Fundamentals\Exams\Demo 22.06.2019\Code\Solution1\Party Profit\Party Profit.csproj", "{0D145DC2-E52E-44E7-BA08-F3F50FA9533C}"
EndProject
Project("{2150E333-8FDC-42A3-9474-1A3956D46DE8}") = "10 March 2019 Group 2", "10 March 2019 Group 2", "{97450DD2-896F-457B-9C48-D981583DBE34}"
EndProject
Project("{9A19103F-16F7-4668-BE54-9A1E7A4F7556}") = "01. The Hunting Games", "..\10 March 2019 Group 2\01. The Hunting Games\01. The Hunting Games.csproj", "{1C52DE82-5331-451F-9DDE-AD1CDBFFC7EE}"
EndProject
Project("{9A19103F-16F7-4668-BE54-9A1E7A4F7556}") = "02. Seize the Fire", "..\10 March 2019 Group 2\02. Seize the Fire\02. Seize the Fire.csproj", "{44FF7620-7CDD-4C20-B920-E909E7ED1C81}"
EndProject
Project("{9A19103F-16F7-4668-BE54-9A1E7A4F7556}") = "03. The Final Quest", "..\10 March 2019 Group 2\03. The Final Quest\03. The Final Quest.csproj", "{0761CD50-92B7-45D9-9317-6C328572B2DB}"
EndProject
Project("{2150E333-8FDC-42A3-9474-1A3956D46DE8}") = "List_Exersize", "List_Exersize", "{ECCB529B-A5BB-4F37-A8E6-96452A15245F}"
EndProject
Project("{9A19103F-16F7-4668-BE54-9A1E7A4F7556}") = "01. Train", "..\Programming Fundamentals\Lists\Code\Lists - Exercise\01. Train\01. Train.csproj", "{0FEDBB0A-69C3-4629-A211-7B3148204F5B}"
EndProject
Project("{9A19103F-16F7-4668-BE54-9A1E7A4F7556}") = "02. Change List", "..\Programming Fundamentals\Lists\Code\Lists - Exercise\02. Change List\02. Change List.csproj", "{DB51637A-6CE3-45D8-9245-E152F8AC3865}"
EndProject
Project("{9A19103F-16F7-4668-BE54-9A1E7A4F7556}") = "03. House Party", "..\Programming Fundamentals\Lists\Code\Lists - Exercise\03. House Party\03. House Party.csproj", "{F9D66B27-BCFE-4332-A940-8453136CBF49}"
EndProject
Project("{9A19103F-16F7-4668-BE54-9A1E7A4F7556}") = "04. List Operations", "..\Programming Fundamentals\Lists\Code\Lists - Exercise\04. List Operations\04. List Operations.csproj", "{EEBC7A5E-63E9-4A57-BC2C-56473FDE0E2F}"
EndProject
Project("{9A19103F-16F7-4668-BE54-9A1E7A4F7556}") = "05. Bomb Numbers", "..\Programming Fundamentals\Lists\Code\Lists - Exercise\05. Bomb Numbers\05. Bomb Numbers.csproj", "{F442DFFE-DBE2-4341-B900-B2D19A61E622}"
EndProject
Project("{9A19103F-16F7-4668-BE54-9A1E7A4F7556}") = "06. Cards Game", "..\Programming Fundamentals\Lists\Code\Lists - Exercise\06. Cards Game\06. Cards Game.csproj", "{D46134DA-1EB7-4D07-9B59-F5069CEE63C8}"
EndProject
Project("{9A19103F-16F7-4668-BE54-9A1E7A4F7556}") = "07. Append Arrays", "..\Programming Fundamentals\Lists\Code\Lists - Exercise\07. Append Arrays\07. Append Arrays.csproj", "{B2DF534A-3B69-42E9-968A-D3A658E3244C}"
EndProject
Project("{9A19103F-16F7-4668-BE54-9A1E7A4F7556}") = "08. Anonymous Threat", "..\Programming Fundamentals\Lists\Code\Lists - Exercise\08. Anonymous Threat\08. Anonymous Threat.csproj", "{2DFEC9C6-0B57-4F94-A460-F34DDA7A440D}"
EndProject
Project("{9A19103F-16F7-4668-BE54-9A1E7A4F7556}") = "09. Pokemon Don't Go", "..\Programming Fundamentals\Lists\Code\Lists - Exercise\09. Pokemon Don't Go\09. Pokemon Don't Go.csproj", "{0F37FFBD-2D0C-4934-9568-C41BCC236D56}"
EndProject
Project("{9A19103F-16F7-4668-BE54-9A1E7A4F7556}") = "10. SoftUni Course Planning", "..\Programming Fundamentals\Lists\Code\Lists - Exercise\10. SoftUni Course Planning\10. SoftUni Course Planning.csproj", "{8C584F1C-7C35-4E24-926E-4DBC904E1D5A}"
EndProject
Project("{2150E333-8FDC-42A3-9474-1A3956D46DE8}") = "List_MoreExersize", "List_MoreExersize", "{F2438311-FF6C-4AE4-BF15-E924A508B25C}"
EndProject
Project("{9A19103F-16F7-4668-BE54-9A1E7A4F7556}") = "01. Messaging", "..\Programming Fundamentals\Lists\Code\Lists - More Exercise\01. Messaging\01. Messaging.csproj", "{EA61CA63-AE80-4D56-9A16-CE01E72D848F}"
EndProject
Project("{9A19103F-16F7-4668-BE54-9A1E7A4F7556}") = "2. Car Race", "..\Programming Fundamentals\Lists\Code\Lists - More Exercise\2. Car Race\2. Car Race.csproj", "{16475ABF-5680-4F24-A92F-2530FEAA8C96}"
EndProject
Project("{9A19103F-16F7-4668-BE54-9A1E7A4F7556}") = "no_03. TakeSkip Rope", "..\Programming Fundamentals\Lists\Code\Lists - More Exercise\03. TakeSkip Rope\no_03. TakeSkip Rope.csproj", "{8B91ACB7-63A7-439D-BEA0-B17A9CEBD083}"
EndProject
Project("{9A19103F-16F7-4668-BE54-9A1E7A4F7556}") = "04. Mixed up Lists", "..\Programming Fundamentals\Lists\Code\Lists - More Exercise\04. Mixed up Lists\04. Mixed up Lists.csproj", "{16C2BB39-D0C2-426F-9B22-10C9AABEFC30}"
EndProject
Project("{9A19103F-16F7-4668-BE54-9A1E7A4F7556}") = "05. Drum Set", "..\Programming Fundamentals\Lists\Code\Lists - More Exercise\05. Drum Set\05. Drum Set.csproj", "{EB62D695-C69B-46E4-8C3D-4ECF332ED006}"
EndProject
Global
	GlobalSection(SolutionConfigurationPlatforms) = preSolution
		Debug|Any CPU = Debug|Any CPU
		Release|Any CPU = Release|Any CPU
	EndGlobalSection
	GlobalSection(ProjectConfigurationPlatforms) = postSolution
		{2CA04A18-F297-485C-9D3C-98461CC7C655}.Debug|Any CPU.ActiveCfg = Debug|Any CPU
		{2CA04A18-F297-485C-9D3C-98461CC7C655}.Debug|Any CPU.Build.0 = Debug|Any CPU
		{2CA04A18-F297-485C-9D3C-98461CC7C655}.Release|Any CPU.ActiveCfg = Release|Any CPU
		{2CA04A18-F297-485C-9D3C-98461CC7C655}.Release|Any CPU.Build.0 = Release|Any CPU
		{C5BA0771-042A-4A5F-BA59-368653A5975F}.Debug|Any CPU.ActiveCfg = Debug|Any CPU
		{C5BA0771-042A-4A5F-BA59-368653A5975F}.Debug|Any CPU.Build.0 = Debug|Any CPU
		{C5BA0771-042A-4A5F-BA59-368653A5975F}.Release|Any CPU.ActiveCfg = Release|Any CPU
		{C5BA0771-042A-4A5F-BA59-368653A5975F}.Release|Any CPU.Build.0 = Release|Any CPU
		{451548C5-79E8-4E88-85B4-E4FE269E141E}.Debug|Any CPU.ActiveCfg = Debug|Any CPU
		{451548C5-79E8-4E88-85B4-E4FE269E141E}.Debug|Any CPU.Build.0 = Debug|Any CPU
		{451548C5-79E8-4E88-85B4-E4FE269E141E}.Release|Any CPU.ActiveCfg = Release|Any CPU
		{451548C5-79E8-4E88-85B4-E4FE269E141E}.Release|Any CPU.Build.0 = Release|Any CPU
		{71B2F99F-B228-40F4-AFF4-4C897B91F851}.Debug|Any CPU.ActiveCfg = Debug|Any CPU
		{71B2F99F-B228-40F4-AFF4-4C897B91F851}.Debug|Any CPU.Build.0 = Debug|Any CPU
		{71B2F99F-B228-40F4-AFF4-4C897B91F851}.Release|Any CPU.ActiveCfg = Release|Any CPU
		{71B2F99F-B228-40F4-AFF4-4C897B91F851}.Release|Any CPU.Build.0 = Release|Any CPU
		{1A6363E4-3A24-4112-BFE6-A3094A8EC287}.Debug|Any CPU.ActiveCfg = Debug|Any CPU
		{1A6363E4-3A24-4112-BFE6-A3094A8EC287}.Debug|Any CPU.Build.0 = Debug|Any CPU
		{1A6363E4-3A24-4112-BFE6-A3094A8EC287}.Release|Any CPU.ActiveCfg = Release|Any CPU
		{1A6363E4-3A24-4112-BFE6-A3094A8EC287}.Release|Any CPU.Build.0 = Release|Any CPU
		{A276E3F0-931A-4197-AFC5-DADFC33DD743}.Debug|Any CPU.ActiveCfg = Debug|Any CPU
		{A276E3F0-931A-4197-AFC5-DADFC33DD743}.Debug|Any CPU.Build.0 = Debug|Any CPU
		{A276E3F0-931A-4197-AFC5-DADFC33DD743}.Release|Any CPU.ActiveCfg = Release|Any CPU
		{A276E3F0-931A-4197-AFC5-DADFC33DD743}.Release|Any CPU.Build.0 = Release|Any CPU
		{1F19DFEE-4934-4BEB-9508-C45C88DE5098}.Debug|Any CPU.ActiveCfg = Debug|Any CPU
		{1F19DFEE-4934-4BEB-9508-C45C88DE5098}.Debug|Any CPU.Build.0 = Debug|Any CPU
		{1F19DFEE-4934-4BEB-9508-C45C88DE5098}.Release|Any CPU.ActiveCfg = Release|Any CPU
		{1F19DFEE-4934-4BEB-9508-C45C88DE5098}.Release|Any CPU.Build.0 = Release|Any CPU
		{88AB616A-21AB-4C1E-9172-C81643F090B5}.Debug|Any CPU.ActiveCfg = Debug|Any CPU
		{88AB616A-21AB-4C1E-9172-C81643F090B5}.Debug|Any CPU.Build.0 = Debug|Any CPU
		{88AB616A-21AB-4C1E-9172-C81643F090B5}.Release|Any CPU.ActiveCfg = Release|Any CPU
		{88AB616A-21AB-4C1E-9172-C81643F090B5}.Release|Any CPU.Build.0 = Release|Any CPU
		{39EE0A8E-5934-422A-B7C1-E0397D5FBE8E}.Debug|Any CPU.ActiveCfg = Debug|Any CPU
		{39EE0A8E-5934-422A-B7C1-E0397D5FBE8E}.Debug|Any CPU.Build.0 = Debug|Any CPU
		{39EE0A8E-5934-422A-B7C1-E0397D5FBE8E}.Release|Any CPU.ActiveCfg = Release|Any CPU
		{39EE0A8E-5934-422A-B7C1-E0397D5FBE8E}.Release|Any CPU.Build.0 = Release|Any CPU
		{B7C89B65-F7E7-45B9-8DE9-6A12E35C626D}.Debug|Any CPU.ActiveCfg = Debug|Any CPU
		{B7C89B65-F7E7-45B9-8DE9-6A12E35C626D}.Debug|Any CPU.Build.0 = Debug|Any CPU
		{B7C89B65-F7E7-45B9-8DE9-6A12E35C626D}.Release|Any CPU.ActiveCfg = Release|Any CPU
		{B7C89B65-F7E7-45B9-8DE9-6A12E35C626D}.Release|Any CPU.Build.0 = Release|Any CPU
		{D2477D2C-58D2-4987-B65A-5692C0CA247C}.Debug|Any CPU.ActiveCfg = Debug|Any CPU
		{D2477D2C-58D2-4987-B65A-5692C0CA247C}.Debug|Any CPU.Build.0 = Debug|Any CPU
		{D2477D2C-58D2-4987-B65A-5692C0CA247C}.Release|Any CPU.ActiveCfg = Release|Any CPU
		{D2477D2C-58D2-4987-B65A-5692C0CA247C}.Release|Any CPU.Build.0 = Release|Any CPU
		{0F9A3C72-E5C3-4961-9AA0-FE80BFD78981}.Debug|Any CPU.ActiveCfg = Debug|Any CPU
		{0F9A3C72-E5C3-4961-9AA0-FE80BFD78981}.Debug|Any CPU.Build.0 = Debug|Any CPU
		{0F9A3C72-E5C3-4961-9AA0-FE80BFD78981}.Release|Any CPU.ActiveCfg = Release|Any CPU
		{0F9A3C72-E5C3-4961-9AA0-FE80BFD78981}.Release|Any CPU.Build.0 = Release|Any CPU
		{3B0564AB-FEC7-47F6-BA3B-EC286C8B7F98}.Debug|Any CPU.ActiveCfg = Debug|Any CPU
		{3B0564AB-FEC7-47F6-BA3B-EC286C8B7F98}.Debug|Any CPU.Build.0 = Debug|Any CPU
		{3B0564AB-FEC7-47F6-BA3B-EC286C8B7F98}.Release|Any CPU.ActiveCfg = Release|Any CPU
		{3B0564AB-FEC7-47F6-BA3B-EC286C8B7F98}.Release|Any CPU.Build.0 = Release|Any CPU
		{DCB6E711-D8AF-4F4F-A077-6FE810D403B2}.Debug|Any CPU.ActiveCfg = Debug|Any CPU
		{DCB6E711-D8AF-4F4F-A077-6FE810D403B2}.Debug|Any CPU.Build.0 = Debug|Any CPU
		{DCB6E711-D8AF-4F4F-A077-6FE810D403B2}.Release|Any CPU.ActiveCfg = Release|Any CPU
		{DCB6E711-D8AF-4F4F-A077-6FE810D403B2}.Release|Any CPU.Build.0 = Release|Any CPU
		{4CAB0507-F118-498F-B547-A9F8F1B23BDE}.Debug|Any CPU.ActiveCfg = Debug|Any CPU
		{4CAB0507-F118-498F-B547-A9F8F1B23BDE}.Debug|Any CPU.Build.0 = Debug|Any CPU
		{4CAB0507-F118-498F-B547-A9F8F1B23BDE}.Release|Any CPU.ActiveCfg = Release|Any CPU
		{4CAB0507-F118-498F-B547-A9F8F1B23BDE}.Release|Any CPU.Build.0 = Release|Any CPU
		{73EFFF53-DA11-4826-BDC8-3635EDD62F75}.Debug|Any CPU.ActiveCfg = Debug|Any CPU
		{73EFFF53-DA11-4826-BDC8-3635EDD62F75}.Debug|Any CPU.Build.0 = Debug|Any CPU
		{73EFFF53-DA11-4826-BDC8-3635EDD62F75}.Release|Any CPU.ActiveCfg = Release|Any CPU
		{73EFFF53-DA11-4826-BDC8-3635EDD62F75}.Release|Any CPU.Build.0 = Release|Any CPU
		{EAD77E2E-B9F0-4609-B3B1-862D423F4B5E}.Debug|Any CPU.ActiveCfg = Debug|Any CPU
		{EAD77E2E-B9F0-4609-B3B1-862D423F4B5E}.Debug|Any CPU.Build.0 = Debug|Any CPU
		{EAD77E2E-B9F0-4609-B3B1-862D423F4B5E}.Release|Any CPU.ActiveCfg = Release|Any CPU
		{EAD77E2E-B9F0-4609-B3B1-862D423F4B5E}.Release|Any CPU.Build.0 = Release|Any CPU
		{BC1CEFA8-7EE2-46E6-867C-EE36014A9E07}.Debug|Any CPU.ActiveCfg = Debug|Any CPU
		{BC1CEFA8-7EE2-46E6-867C-EE36014A9E07}.Debug|Any CPU.Build.0 = Debug|Any CPU
		{BC1CEFA8-7EE2-46E6-867C-EE36014A9E07}.Release|Any CPU.ActiveCfg = Release|Any CPU
		{BC1CEFA8-7EE2-46E6-867C-EE36014A9E07}.Release|Any CPU.Build.0 = Release|Any CPU
		{C034B09E-0D4F-417D-A4CD-49343D78BBD2}.Debug|Any CPU.ActiveCfg = Debug|Any CPU
		{C034B09E-0D4F-417D-A4CD-49343D78BBD2}.Debug|Any CPU.Build.0 = Debug|Any CPU
		{C034B09E-0D4F-417D-A4CD-49343D78BBD2}.Release|Any CPU.ActiveCfg = Release|Any CPU
		{C034B09E-0D4F-417D-A4CD-49343D78BBD2}.Release|Any CPU.Build.0 = Release|Any CPU
		{44119066-4CC3-48A4-B8B6-74840528B1E5}.Debug|Any CPU.ActiveCfg = Debug|Any CPU
		{44119066-4CC3-48A4-B8B6-74840528B1E5}.Debug|Any CPU.Build.0 = Debug|Any CPU
		{44119066-4CC3-48A4-B8B6-74840528B1E5}.Release|Any CPU.ActiveCfg = Release|Any CPU
		{44119066-4CC3-48A4-B8B6-74840528B1E5}.Release|Any CPU.Build.0 = Release|Any CPU
		{FBC1AF28-02B5-45DB-90BC-9C1D732D03FA}.Debug|Any CPU.ActiveCfg = Debug|Any CPU
		{FBC1AF28-02B5-45DB-90BC-9C1D732D03FA}.Debug|Any CPU.Build.0 = Debug|Any CPU
		{FBC1AF28-02B5-45DB-90BC-9C1D732D03FA}.Release|Any CPU.ActiveCfg = Release|Any CPU
		{FBC1AF28-02B5-45DB-90BC-9C1D732D03FA}.Release|Any CPU.Build.0 = Release|Any CPU
		{0D145DC2-E52E-44E7-BA08-F3F50FA9533C}.Debug|Any CPU.ActiveCfg = Debug|Any CPU
		{0D145DC2-E52E-44E7-BA08-F3F50FA9533C}.Debug|Any CPU.Build.0 = Debug|Any CPU
		{0D145DC2-E52E-44E7-BA08-F3F50FA9533C}.Release|Any CPU.ActiveCfg = Release|Any CPU
		{0D145DC2-E52E-44E7-BA08-F3F50FA9533C}.Release|Any CPU.Build.0 = Release|Any CPU
		{1C52DE82-5331-451F-9DDE-AD1CDBFFC7EE}.Debug|Any CPU.ActiveCfg = Debug|Any CPU
		{1C52DE82-5331-451F-9DDE-AD1CDBFFC7EE}.Debug|Any CPU.Build.0 = Debug|Any CPU
		{1C52DE82-5331-451F-9DDE-AD1CDBFFC7EE}.Release|Any CPU.ActiveCfg = Release|Any CPU
		{1C52DE82-5331-451F-9DDE-AD1CDBFFC7EE}.Release|Any CPU.Build.0 = Release|Any CPU
		{44FF7620-7CDD-4C20-B920-E909E7ED1C81}.Debug|Any CPU.ActiveCfg = Debug|Any CPU
		{44FF7620-7CDD-4C20-B920-E909E7ED1C81}.Debug|Any CPU.Build.0 = Debug|Any CPU
		{44FF7620-7CDD-4C20-B920-E909E7ED1C81}.Release|Any CPU.ActiveCfg = Release|Any CPU
		{44FF7620-7CDD-4C20-B920-E909E7ED1C81}.Release|Any CPU.Build.0 = Release|Any CPU
		{0761CD50-92B7-45D9-9317-6C328572B2DB}.Debug|Any CPU.ActiveCfg = Debug|Any CPU
		{0761CD50-92B7-45D9-9317-6C328572B2DB}.Debug|Any CPU.Build.0 = Debug|Any CPU
		{0761CD50-92B7-45D9-9317-6C328572B2DB}.Release|Any CPU.ActiveCfg = Release|Any CPU
		{0761CD50-92B7-45D9-9317-6C328572B2DB}.Release|Any CPU.Build.0 = Release|Any CPU
		{0FEDBB0A-69C3-4629-A211-7B3148204F5B}.Debug|Any CPU.ActiveCfg = Debug|Any CPU
		{0FEDBB0A-69C3-4629-A211-7B3148204F5B}.Debug|Any CPU.Build.0 = Debug|Any CPU
		{0FEDBB0A-69C3-4629-A211-7B3148204F5B}.Release|Any CPU.ActiveCfg = Release|Any CPU
		{0FEDBB0A-69C3-4629-A211-7B3148204F5B}.Release|Any CPU.Build.0 = Release|Any CPU
		{DB51637A-6CE3-45D8-9245-E152F8AC3865}.Debug|Any CPU.ActiveCfg = Debug|Any CPU
		{DB51637A-6CE3-45D8-9245-E152F8AC3865}.Debug|Any CPU.Build.0 = Debug|Any CPU
		{DB51637A-6CE3-45D8-9245-E152F8AC3865}.Release|Any CPU.ActiveCfg = Release|Any CPU
		{DB51637A-6CE3-45D8-9245-E152F8AC3865}.Release|Any CPU.Build.0 = Release|Any CPU
		{F9D66B27-BCFE-4332-A940-8453136CBF49}.Debug|Any CPU.ActiveCfg = Debug|Any CPU
		{F9D66B27-BCFE-4332-A940-8453136CBF49}.Debug|Any CPU.Build.0 = Debug|Any CPU
		{F9D66B27-BCFE-4332-A940-8453136CBF49}.Release|Any CPU.ActiveCfg = Release|Any CPU
		{F9D66B27-BCFE-4332-A940-8453136CBF49}.Release|Any CPU.Build.0 = Release|Any CPU
		{EEBC7A5E-63E9-4A57-BC2C-56473FDE0E2F}.Debug|Any CPU.ActiveCfg = Debug|Any CPU
		{EEBC7A5E-63E9-4A57-BC2C-56473FDE0E2F}.Debug|Any CPU.Build.0 = Debug|Any CPU
		{EEBC7A5E-63E9-4A57-BC2C-56473FDE0E2F}.Release|Any CPU.ActiveCfg = Release|Any CPU
		{EEBC7A5E-63E9-4A57-BC2C-56473FDE0E2F}.Release|Any CPU.Build.0 = Release|Any CPU
		{F442DFFE-DBE2-4341-B900-B2D19A61E622}.Debug|Any CPU.ActiveCfg = Debug|Any CPU
		{F442DFFE-DBE2-4341-B900-B2D19A61E622}.Debug|Any CPU.Build.0 = Debug|Any CPU
		{F442DFFE-DBE2-4341-B900-B2D19A61E622}.Release|Any CPU.ActiveCfg = Release|Any CPU
		{F442DFFE-DBE2-4341-B900-B2D19A61E622}.Release|Any CPU.Build.0 = Release|Any CPU
		{D46134DA-1EB7-4D07-9B59-F5069CEE63C8}.Debug|Any CPU.ActiveCfg = Debug|Any CPU
		{D46134DA-1EB7-4D07-9B59-F5069CEE63C8}.Debug|Any CPU.Build.0 = Debug|Any CPU
		{D46134DA-1EB7-4D07-9B59-F5069CEE63C8}.Release|Any CPU.ActiveCfg = Release|Any CPU
		{D46134DA-1EB7-4D07-9B59-F5069CEE63C8}.Release|Any CPU.Build.0 = Release|Any CPU
		{B2DF534A-3B69-42E9-968A-D3A658E3244C}.Debug|Any CPU.ActiveCfg = Debug|Any CPU
		{B2DF534A-3B69-42E9-968A-D3A658E3244C}.Debug|Any CPU.Build.0 = Debug|Any CPU
		{B2DF534A-3B69-42E9-968A-D3A658E3244C}.Release|Any CPU.ActiveCfg = Release|Any CPU
		{B2DF534A-3B69-42E9-968A-D3A658E3244C}.Release|Any CPU.Build.0 = Release|Any CPU
		{2DFEC9C6-0B57-4F94-A460-F34DDA7A440D}.Debug|Any CPU.ActiveCfg = Debug|Any CPU
		{2DFEC9C6-0B57-4F94-A460-F34DDA7A440D}.Debug|Any CPU.Build.0 = Debug|Any CPU
		{2DFEC9C6-0B57-4F94-A460-F34DDA7A440D}.Release|Any CPU.ActiveCfg = Release|Any CPU
		{2DFEC9C6-0B57-4F94-A460-F34DDA7A440D}.Release|Any CPU.Build.0 = Release|Any CPU
		{0F37FFBD-2D0C-4934-9568-C41BCC236D56}.Debug|Any CPU.ActiveCfg = Debug|Any CPU
		{0F37FFBD-2D0C-4934-9568-C41BCC236D56}.Debug|Any CPU.Build.0 = Debug|Any CPU
		{0F37FFBD-2D0C-4934-9568-C41BCC236D56}.Release|Any CPU.ActiveCfg = Release|Any CPU
		{0F37FFBD-2D0C-4934-9568-C41BCC236D56}.Release|Any CPU.Build.0 = Release|Any CPU
		{8C584F1C-7C35-4E24-926E-4DBC904E1D5A}.Debug|Any CPU.ActiveCfg = Debug|Any CPU
		{8C584F1C-7C35-4E24-926E-4DBC904E1D5A}.Debug|Any CPU.Build.0 = Debug|Any CPU
		{8C584F1C-7C35-4E24-926E-4DBC904E1D5A}.Release|Any CPU.ActiveCfg = Release|Any CPU
		{8C584F1C-7C35-4E24-926E-4DBC904E1D5A}.Release|Any CPU.Build.0 = Release|Any CPU
		{EA61CA63-AE80-4D56-9A16-CE01E72D848F}.Debug|Any CPU.ActiveCfg = Debug|Any CPU
		{EA61CA63-AE80-4D56-9A16-CE01E72D848F}.Debug|Any CPU.Build.0 = Debug|Any CPU
		{EA61CA63-AE80-4D56-9A16-CE01E72D848F}.Release|Any CPU.ActiveCfg = Release|Any CPU
		{EA61CA63-AE80-4D56-9A16-CE01E72D848F}.Release|Any CPU.Build.0 = Release|Any CPU
		{16475ABF-5680-4F24-A92F-2530FEAA8C96}.Debug|Any CPU.ActiveCfg = Debug|Any CPU
		{16475ABF-5680-4F24-A92F-2530FEAA8C96}.Debug|Any CPU.Build.0 = Debug|Any CPU
		{16475ABF-5680-4F24-A92F-2530FEAA8C96}.Release|Any CPU.ActiveCfg = Release|Any CPU
		{16475ABF-5680-4F24-A92F-2530FEAA8C96}.Release|Any CPU.Build.0 = Release|Any CPU
		{8B91ACB7-63A7-439D-BEA0-B17A9CEBD083}.Debug|Any CPU.ActiveCfg = Debug|Any CPU
		{8B91ACB7-63A7-439D-BEA0-B17A9CEBD083}.Debug|Any CPU.Build.0 = Debug|Any CPU
		{8B91ACB7-63A7-439D-BEA0-B17A9CEBD083}.Release|Any CPU.ActiveCfg = Release|Any CPU
		{8B91ACB7-63A7-439D-BEA0-B17A9CEBD083}.Release|Any CPU.Build.0 = Release|Any CPU
		{16C2BB39-D0C2-426F-9B22-10C9AABEFC30}.Debug|Any CPU.ActiveCfg = Debug|Any CPU
		{16C2BB39-D0C2-426F-9B22-10C9AABEFC30}.Debug|Any CPU.Build.0 = Debug|Any CPU
		{16C2BB39-D0C2-426F-9B22-10C9AABEFC30}.Release|Any CPU.ActiveCfg = Release|Any CPU
		{16C2BB39-D0C2-426F-9B22-10C9AABEFC30}.Release|Any CPU.Build.0 = Release|Any CPU
		{EB62D695-C69B-46E4-8C3D-4ECF332ED006}.Debug|Any CPU.ActiveCfg = Debug|Any CPU
		{EB62D695-C69B-46E4-8C3D-4ECF332ED006}.Debug|Any CPU.Build.0 = Debug|Any CPU
		{EB62D695-C69B-46E4-8C3D-4ECF332ED006}.Release|Any CPU.ActiveCfg = Release|Any CPU
		{EB62D695-C69B-46E4-8C3D-4ECF332ED006}.Release|Any CPU.Build.0 = Release|Any CPU
	EndGlobalSection
	GlobalSection(SolutionProperties) = preSolution
		HideSolutionNode = FALSE
	EndGlobalSection
	GlobalSection(NestedProjects) = preSolution
		{2CA04A18-F297-485C-9D3C-98461CC7C655} = {34B8E479-C39E-43E9-8F08-18AB20F2F134}
		{C5BA0771-042A-4A5F-BA59-368653A5975F} = {34B8E479-C39E-43E9-8F08-18AB20F2F134}
		{451548C5-79E8-4E88-85B4-E4FE269E141E} = {34B8E479-C39E-43E9-8F08-18AB20F2F134}
		{71B2F99F-B228-40F4-AFF4-4C897B91F851} = {34B8E479-C39E-43E9-8F08-18AB20F2F134}
		{1A6363E4-3A24-4112-BFE6-A3094A8EC287} = {A7EA22BE-7A7C-4FA1-B7AE-C1092C91B2C4}
		{A276E3F0-931A-4197-AFC5-DADFC33DD743} = {A7EA22BE-7A7C-4FA1-B7AE-C1092C91B2C4}
		{1F19DFEE-4934-4BEB-9508-C45C88DE5098} = {A7EA22BE-7A7C-4FA1-B7AE-C1092C91B2C4}
		{88AB616A-21AB-4C1E-9172-C81643F090B5} = {B11A7760-586F-4D09-A891-CC886C2D8E5D}
		{39EE0A8E-5934-422A-B7C1-E0397D5FBE8E} = {B11A7760-586F-4D09-A891-CC886C2D8E5D}
		{B7C89B65-F7E7-45B9-8DE9-6A12E35C626D} = {B11A7760-586F-4D09-A891-CC886C2D8E5D}
		{D2477D2C-58D2-4987-B65A-5692C0CA247C} = {B11A7760-586F-4D09-A891-CC886C2D8E5D}
		{0F9A3C72-E5C3-4961-9AA0-FE80BFD78981} = {B11A7760-586F-4D09-A891-CC886C2D8E5D}
		{3B0564AB-FEC7-47F6-BA3B-EC286C8B7F98} = {0DF2195A-805F-4234-BE43-5BD33D5D612A}
		{DCB6E711-D8AF-4F4F-A077-6FE810D403B2} = {0DF2195A-805F-4234-BE43-5BD33D5D612A}
		{4CAB0507-F118-498F-B547-A9F8F1B23BDE} = {0DF2195A-805F-4234-BE43-5BD33D5D612A}
		{73EFFF53-DA11-4826-BDC8-3635EDD62F75} = {04335017-B31B-4E52-A842-BFC230B5D5BB}
		{EAD77E2E-B9F0-4609-B3B1-862D423F4B5E} = {04335017-B31B-4E52-A842-BFC230B5D5BB}
		{BC1CEFA8-7EE2-46E6-867C-EE36014A9E07} = {04335017-B31B-4E52-A842-BFC230B5D5BB}
		{C034B09E-0D4F-417D-A4CD-49343D78BBD2} = {04335017-B31B-4E52-A842-BFC230B5D5BB}
		{44119066-4CC3-48A4-B8B6-74840528B1E5} = {CB2F653F-822D-4395-890E-1F6465155EF9}
		{FBC1AF28-02B5-45DB-90BC-9C1D732D03FA} = {CB2F653F-822D-4395-890E-1F6465155EF9}
		{0D145DC2-E52E-44E7-BA08-F3F50FA9533C} = {CB2F653F-822D-4395-890E-1F6465155EF9}
		{1C52DE82-5331-451F-9DDE-AD1CDBFFC7EE} = {97450DD2-896F-457B-9C48-D981583DBE34}
		{44FF7620-7CDD-4C20-B920-E909E7ED1C81} = {97450DD2-896F-457B-9C48-D981583DBE34}
		{0761CD50-92B7-45D9-9317-6C328572B2DB} = {97450DD2-896F-457B-9C48-D981583DBE34}
		{0FEDBB0A-69C3-4629-A211-7B3148204F5B} = {ECCB529B-A5BB-4F37-A8E6-96452A15245F}
		{DB51637A-6CE3-45D8-9245-E152F8AC3865} = {ECCB529B-A5BB-4F37-A8E6-96452A15245F}
		{F9D66B27-BCFE-4332-A940-8453136CBF49} = {ECCB529B-A5BB-4F37-A8E6-96452A15245F}
		{EEBC7A5E-63E9-4A57-BC2C-56473FDE0E2F} = {ECCB529B-A5BB-4F37-A8E6-96452A15245F}
		{F442DFFE-DBE2-4341-B900-B2D19A61E622} = {ECCB529B-A5BB-4F37-A8E6-96452A15245F}
		{D46134DA-1EB7-4D07-9B59-F5069CEE63C8} = {ECCB529B-A5BB-4F37-A8E6-96452A15245F}
		{B2DF534A-3B69-42E9-968A-D3A658E3244C} = {ECCB529B-A5BB-4F37-A8E6-96452A15245F}
		{2DFEC9C6-0B57-4F94-A460-F34DDA7A440D} = {ECCB529B-A5BB-4F37-A8E6-96452A15245F}
		{0F37FFBD-2D0C-4934-9568-C41BCC236D56} = {ECCB529B-A5BB-4F37-A8E6-96452A15245F}
		{8C584F1C-7C35-4E24-926E-4DBC904E1D5A} = {ECCB529B-A5BB-4F37-A8E6-96452A15245F}
		{EA61CA63-AE80-4D56-9A16-CE01E72D848F} = {F2438311-FF6C-4AE4-BF15-E924A508B25C}
		{16475ABF-5680-4F24-A92F-2530FEAA8C96} = {F2438311-FF6C-4AE4-BF15-E924A508B25C}
		{8B91ACB7-63A7-439D-BEA0-B17A9CEBD083} = {F2438311-FF6C-4AE4-BF15-E924A508B25C}
		{16C2BB39-D0C2-426F-9B22-10C9AABEFC30} = {F2438311-FF6C-4AE4-BF15-E924A508B25C}
		{EB62D695-C69B-46E4-8C3D-4ECF332ED006} = {F2438311-FF6C-4AE4-BF15-E924A508B25C}
	EndGlobalSection
	GlobalSection(ExtensibilityGlobals) = postSolution
		SolutionGuid = {0F3E0ECD-1357-4D51-99EA-6A4B78BBE2E9}
	EndGlobalSection
EndGlobal
