
Microsoft Visual Studio Solution File, Format Version 12.00
# Visual Studio 15
VisualStudioVersion = 15.0.28307.572
MinimumVisualStudioVersion = 10.0.40219.1
Project("{2150E333-8FDC-42A3-9474-1A3956D46DE8}") = "Regular Expressions - Lab", "Regular Expressions - Lab", "{4D03FF62-CA49-4B2E-B541-594D73C94493}"
EndProject
Project("{9A19103F-16F7-4668-BE54-9A1E7A4F7556}") = "01. Match Full Name", "01. Match Full Name\01. Match Full Name.csproj", "{6DEB74C0-0197-4BA3-AA63-9F859B902794}"
EndProject
Project("{9A19103F-16F7-4668-BE54-9A1E7A4F7556}") = "02. Match Phone Number", "02. Match Phone Number\02. Match Phone Number.csproj", "{12CB6489-92EE-4096-9B22-B7BEF9E250A6}"
EndProject
Project("{9A19103F-16F7-4668-BE54-9A1E7A4F7556}") = "03. Match Dates", "03. Match Dates\03. Match Dates.csproj", "{9DE98EDA-6F5B-49AF-B011-4FE0C4D463F3}"
EndProject
Project("{2150E333-8FDC-42A3-9474-1A3956D46DE8}") = "Regular Expressions - Exercise", "Regular Expressions - Exercise", "{90279DE8-5FE4-4F78-B288-1BBB41ECA9DE}"
EndProject
Project("{9A19103F-16F7-4668-BE54-9A1E7A4F7556}") = "01. Furniture", "01. Furniture\01. Furniture.csproj", "{86949CEC-E9E3-4387-B1C3-1DF5ACA1D4B2}"
EndProject
Project("{9A19103F-16F7-4668-BE54-9A1E7A4F7556}") = "02. Race", "02. Race\02. Race.csproj", "{40D8812B-6FD3-461F-B7CC-CC1647FAB166}"
EndProject
Project("{9A19103F-16F7-4668-BE54-9A1E7A4F7556}") = "03. SoftUni Bar Income", "03. SoftUni Bar Income\03. SoftUni Bar Income.csproj", "{2787D54D-0FF0-4F3B-8C21-9D8D1607C378}"
EndProject
Project("{9A19103F-16F7-4668-BE54-9A1E7A4F7556}") = "04. Star Enigm", "04. Star Enigm\04. Star Enigm.csproj", "{2635CAF7-0A75-447F-9B22-81160A5A341E}"
EndProject
Project("{9A19103F-16F7-4668-BE54-9A1E7A4F7556}") = "05. Nether Realms", "05. Nether Realms\05. Nether Realms.csproj", "{DED1F857-706B-473A-8C82-09B0C2351C43}"
EndProject
Project("{9A19103F-16F7-4668-BE54-9A1E7A4F7556}") = "06. Extract Emails", "06. Extract Emails\06. Extract Emails.csproj", "{A20E8B56-EC81-4A31-A48F-91CB9627C2BF}"
EndProject
Project("{2150E333-8FDC-42A3-9474-1A3956D46DE8}") = "Regular Expressions - More Exercise", "Regular Expressions - More Exercise", "{EFAD49A6-F745-4D9A-8C30-900FC54BD435}"
EndProject
Project("{9A19103F-16F7-4668-BE54-9A1E7A4F7556}") = "1. Winning Ticket", "1. Winning Ticket\1. Winning Ticket.csproj", "{4401A0B4-86BB-4B04-82FA-42D4E9DEDAAF}"
EndProject
Project("{9A19103F-16F7-4668-BE54-9A1E7A4F7556}") = "2. Rage Quit", "2. Rage Quit\2. Rage Quit.csproj", "{CBBFAA35-4CDD-4706-96F7-C3D47160097F}"
EndProject
Project("{9A19103F-16F7-4668-BE54-9A1E7A4F7556}") = "3. Post Office", "3. Post Office\3. Post Office.csproj", "{17969023-4A6B-4D6E-87F1-FCE8B5FD7A41}"
EndProject
Project("{FAE04EC0-301F-11D3-BF4B-00C04F79EFBC}") = "4. Santa's Secret Helper", "4. Santa's Secret Helper\4. Santa's Secret Helper.csproj", "{21104F58-8F0E-4D1B-A314-6904501CB454}"
EndProject
Global
	GlobalSection(SolutionConfigurationPlatforms) = preSolution
		Debug|Any CPU = Debug|Any CPU
		Release|Any CPU = Release|Any CPU
	EndGlobalSection
	GlobalSection(ProjectConfigurationPlatforms) = postSolution
		{6DEB74C0-0197-4BA3-AA63-9F859B902794}.Debug|Any CPU.ActiveCfg = Debug|Any CPU
		{6DEB74C0-0197-4BA3-AA63-9F859B902794}.Debug|Any CPU.Build.0 = Debug|Any CPU
		{6DEB74C0-0197-4BA3-AA63-9F859B902794}.Release|Any CPU.ActiveCfg = Release|Any CPU
		{6DEB74C0-0197-4BA3-AA63-9F859B902794}.Release|Any CPU.Build.0 = Release|Any CPU
		{12CB6489-92EE-4096-9B22-B7BEF9E250A6}.Debug|Any CPU.ActiveCfg = Debug|Any CPU
		{12CB6489-92EE-4096-9B22-B7BEF9E250A6}.Debug|Any CPU.Build.0 = Debug|Any CPU
		{12CB6489-92EE-4096-9B22-B7BEF9E250A6}.Release|Any CPU.ActiveCfg = Release|Any CPU
		{12CB6489-92EE-4096-9B22-B7BEF9E250A6}.Release|Any CPU.Build.0 = Release|Any CPU
		{9DE98EDA-6F5B-49AF-B011-4FE0C4D463F3}.Debug|Any CPU.ActiveCfg = Debug|Any CPU
		{9DE98EDA-6F5B-49AF-B011-4FE0C4D463F3}.Debug|Any CPU.Build.0 = Debug|Any CPU
		{9DE98EDA-6F5B-49AF-B011-4FE0C4D463F3}.Release|Any CPU.ActiveCfg = Release|Any CPU
		{9DE98EDA-6F5B-49AF-B011-4FE0C4D463F3}.Release|Any CPU.Build.0 = Release|Any CPU
		{86949CEC-E9E3-4387-B1C3-1DF5ACA1D4B2}.Debug|Any CPU.ActiveCfg = Debug|Any CPU
		{86949CEC-E9E3-4387-B1C3-1DF5ACA1D4B2}.Debug|Any CPU.Build.0 = Debug|Any CPU
		{86949CEC-E9E3-4387-B1C3-1DF5ACA1D4B2}.Release|Any CPU.ActiveCfg = Release|Any CPU
		{86949CEC-E9E3-4387-B1C3-1DF5ACA1D4B2}.Release|Any CPU.Build.0 = Release|Any CPU
		{40D8812B-6FD3-461F-B7CC-CC1647FAB166}.Debug|Any CPU.ActiveCfg = Debug|Any CPU
		{40D8812B-6FD3-461F-B7CC-CC1647FAB166}.Debug|Any CPU.Build.0 = Debug|Any CPU
		{40D8812B-6FD3-461F-B7CC-CC1647FAB166}.Release|Any CPU.ActiveCfg = Release|Any CPU
		{40D8812B-6FD3-461F-B7CC-CC1647FAB166}.Release|Any CPU.Build.0 = Release|Any CPU
		{2787D54D-0FF0-4F3B-8C21-9D8D1607C378}.Debug|Any CPU.ActiveCfg = Debug|Any CPU
		{2787D54D-0FF0-4F3B-8C21-9D8D1607C378}.Debug|Any CPU.Build.0 = Debug|Any CPU
		{2787D54D-0FF0-4F3B-8C21-9D8D1607C378}.Release|Any CPU.ActiveCfg = Release|Any CPU
		{2787D54D-0FF0-4F3B-8C21-9D8D1607C378}.Release|Any CPU.Build.0 = Release|Any CPU
		{2635CAF7-0A75-447F-9B22-81160A5A341E}.Debug|Any CPU.ActiveCfg = Debug|Any CPU
		{2635CAF7-0A75-447F-9B22-81160A5A341E}.Debug|Any CPU.Build.0 = Debug|Any CPU
		{2635CAF7-0A75-447F-9B22-81160A5A341E}.Release|Any CPU.ActiveCfg = Release|Any CPU
		{2635CAF7-0A75-447F-9B22-81160A5A341E}.Release|Any CPU.Build.0 = Release|Any CPU
		{DED1F857-706B-473A-8C82-09B0C2351C43}.Debug|Any CPU.ActiveCfg = Debug|Any CPU
		{DED1F857-706B-473A-8C82-09B0C2351C43}.Debug|Any CPU.Build.0 = Debug|Any CPU
		{DED1F857-706B-473A-8C82-09B0C2351C43}.Release|Any CPU.ActiveCfg = Release|Any CPU
		{DED1F857-706B-473A-8C82-09B0C2351C43}.Release|Any CPU.Build.0 = Release|Any CPU
		{A20E8B56-EC81-4A31-A48F-91CB9627C2BF}.Debug|Any CPU.ActiveCfg = Debug|Any CPU
		{A20E8B56-EC81-4A31-A48F-91CB9627C2BF}.Debug|Any CPU.Build.0 = Debug|Any CPU
		{A20E8B56-EC81-4A31-A48F-91CB9627C2BF}.Release|Any CPU.ActiveCfg = Release|Any CPU
		{A20E8B56-EC81-4A31-A48F-91CB9627C2BF}.Release|Any CPU.Build.0 = Release|Any CPU
		{4401A0B4-86BB-4B04-82FA-42D4E9DEDAAF}.Debug|Any CPU.ActiveCfg = Debug|Any CPU
		{4401A0B4-86BB-4B04-82FA-42D4E9DEDAAF}.Debug|Any CPU.Build.0 = Debug|Any CPU
		{4401A0B4-86BB-4B04-82FA-42D4E9DEDAAF}.Release|Any CPU.ActiveCfg = Release|Any CPU
		{4401A0B4-86BB-4B04-82FA-42D4E9DEDAAF}.Release|Any CPU.Build.0 = Release|Any CPU
		{CBBFAA35-4CDD-4706-96F7-C3D47160097F}.Debug|Any CPU.ActiveCfg = Debug|Any CPU
		{CBBFAA35-4CDD-4706-96F7-C3D47160097F}.Debug|Any CPU.Build.0 = Debug|Any CPU
		{CBBFAA35-4CDD-4706-96F7-C3D47160097F}.Release|Any CPU.ActiveCfg = Release|Any CPU
		{CBBFAA35-4CDD-4706-96F7-C3D47160097F}.Release|Any CPU.Build.0 = Release|Any CPU
		{17969023-4A6B-4D6E-87F1-FCE8B5FD7A41}.Debug|Any CPU.ActiveCfg = Debug|Any CPU
		{17969023-4A6B-4D6E-87F1-FCE8B5FD7A41}.Debug|Any CPU.Build.0 = Debug|Any CPU
		{17969023-4A6B-4D6E-87F1-FCE8B5FD7A41}.Release|Any CPU.ActiveCfg = Release|Any CPU
		{17969023-4A6B-4D6E-87F1-FCE8B5FD7A41}.Release|Any CPU.Build.0 = Release|Any CPU
		{21104F58-8F0E-4D1B-A314-6904501CB454}.Debug|Any CPU.ActiveCfg = Debug|Any CPU
		{21104F58-8F0E-4D1B-A314-6904501CB454}.Debug|Any CPU.Build.0 = Debug|Any CPU
		{21104F58-8F0E-4D1B-A314-6904501CB454}.Release|Any CPU.ActiveCfg = Release|Any CPU
		{21104F58-8F0E-4D1B-A314-6904501CB454}.Release|Any CPU.Build.0 = Release|Any CPU
	EndGlobalSection
	GlobalSection(SolutionProperties) = preSolution
		HideSolutionNode = FALSE
	EndGlobalSection
	GlobalSection(NestedProjects) = preSolution
		{6DEB74C0-0197-4BA3-AA63-9F859B902794} = {4D03FF62-CA49-4B2E-B541-594D73C94493}
		{12CB6489-92EE-4096-9B22-B7BEF9E250A6} = {4D03FF62-CA49-4B2E-B541-594D73C94493}
		{9DE98EDA-6F5B-49AF-B011-4FE0C4D463F3} = {4D03FF62-CA49-4B2E-B541-594D73C94493}
		{86949CEC-E9E3-4387-B1C3-1DF5ACA1D4B2} = {90279DE8-5FE4-4F78-B288-1BBB41ECA9DE}
		{40D8812B-6FD3-461F-B7CC-CC1647FAB166} = {90279DE8-5FE4-4F78-B288-1BBB41ECA9DE}
		{2787D54D-0FF0-4F3B-8C21-9D8D1607C378} = {90279DE8-5FE4-4F78-B288-1BBB41ECA9DE}
		{2635CAF7-0A75-447F-9B22-81160A5A341E} = {90279DE8-5FE4-4F78-B288-1BBB41ECA9DE}
		{DED1F857-706B-473A-8C82-09B0C2351C43} = {90279DE8-5FE4-4F78-B288-1BBB41ECA9DE}
		{A20E8B56-EC81-4A31-A48F-91CB9627C2BF} = {90279DE8-5FE4-4F78-B288-1BBB41ECA9DE}
		{4401A0B4-86BB-4B04-82FA-42D4E9DEDAAF} = {EFAD49A6-F745-4D9A-8C30-900FC54BD435}
		{CBBFAA35-4CDD-4706-96F7-C3D47160097F} = {EFAD49A6-F745-4D9A-8C30-900FC54BD435}
		{17969023-4A6B-4D6E-87F1-FCE8B5FD7A41} = {EFAD49A6-F745-4D9A-8C30-900FC54BD435}
		{21104F58-8F0E-4D1B-A314-6904501CB454} = {EFAD49A6-F745-4D9A-8C30-900FC54BD435}
	EndGlobalSection
	GlobalSection(ExtensibilityGlobals) = postSolution
		SolutionGuid = {3C256A56-4B44-432A-A96B-CDFB066BEF73}
	EndGlobalSection
EndGlobal
