
Microsoft Visual Studio Solution File, Format Version 12.00
# Visual Studio 15
VisualStudioVersion = 15.0.28307.572
MinimumVisualStudioVersion = 10.0.40219.1
Project("{2150E333-8FDC-42A3-9474-1A3956D46DE8}") = "Objects and Classes - Lab", "Objects and Classes - Lab", "{0DE5BD08-5D36-45A8-AE02-9E57D748061E}"
EndProject
Project("{9A19103F-16F7-4668-BE54-9A1E7A4F7556}") = "01. Day of Week", "01. Day of Week\01. Day of Week.csproj", "{AF1DBD30-7578-491F-B391-09986BF41375}"
EndProject
Project("{9A19103F-16F7-4668-BE54-9A1E7A4F7556}") = "02. Randomize Words", "02. Randomize Words\02. Randomize Words.csproj", "{43964B18-C006-4F58-8505-A211363923AE}"
EndProject
Project("{9A19103F-16F7-4668-BE54-9A1E7A4F7556}") = "03. Big Factorial", "03. Big Factorial\03. Big Factorial.csproj", "{81FD76F2-111E-42A0-8DB7-14D23350BA53}"
EndProject
Project("{9A19103F-16F7-4668-BE54-9A1E7A4F7556}") = "04. Songs", "04. Songs\04. Songs.csproj", "{187ABDFA-BD64-472F-AC6C-1027E77EC75A}"
EndProject
Project("{9A19103F-16F7-4668-BE54-9A1E7A4F7556}") = "06. Students 2.0", "06. Students 2.0\06. Students 2.0.csproj", "{A9803E17-4043-4046-9D4D-084E98884274}"
EndProject
Project("{9A19103F-16F7-4668-BE54-9A1E7A4F7556}") = "05. Students", "05. Students\05. Students.csproj", "{89D2C4E0-8783-495B-8DC0-45AE8394D991}"
EndProject
Project("{9A19103F-16F7-4668-BE54-9A1E7A4F7556}") = "07. Store Boxes", "07. Store Boxes\07. Store Boxes.csproj", "{B8B7CB69-C0C6-4179-AC5E-8C729D6EA22A}"
EndProject
Project("{9A19103F-16F7-4668-BE54-9A1E7A4F7556}") = "08. Vehicle Catalogue", "08. Vehicle Catalogue\08. Vehicle Catalogue.csproj", "{EDF8AED7-4F25-42CC-8453-B277E181AA00}"
EndProject
Project("{2150E333-8FDC-42A3-9474-1A3956D46DE8}") = "Objects and Classes - Exercise", "Objects and Classes - Exercise", "{6AE0A867-B649-4618-B4BB-2C300B430E92}"
EndProject
Project("{9A19103F-16F7-4668-BE54-9A1E7A4F7556}") = "01. Advertisement Message", "01. Advertisement Message\01. Advertisement Message.csproj", "{B1E73746-3E12-40EE-9F82-F7DE5AB706B5}"
EndProject
Project("{9A19103F-16F7-4668-BE54-9A1E7A4F7556}") = "02. Articles", "02. Articles\02. Articles.csproj", "{4D0280B6-CB02-4D98-954E-34D47E3EF599}"
EndProject
Project("{9A19103F-16F7-4668-BE54-9A1E7A4F7556}") = "03. Articles 2.0", "03. Articles 2.0\03. Articles 2.0.csproj", "{8DD3D254-CC5A-40E2-ADCB-0B1F2104F72E}"
EndProject
Project("{9A19103F-16F7-4668-BE54-9A1E7A4F7556}") = "04. Students", "04. Students\04. Students.csproj", "{D3C39C17-264E-4F38-B6FA-D83509FB1ABE}"
EndProject
Project("{9A19103F-16F7-4668-BE54-9A1E7A4F7556}") = "05. Teamwork projects", "05. Teamwork projects\05. Teamwork projects.csproj", "{F2FBF22C-E67C-44D7-ACE3-C64A5E635873}"
EndProject
Project("{FAE04EC0-301F-11D3-BF4B-00C04F79EFBC}") = "06. Vehicle Catalogue", "06. Vehicle Catalogue\06. Vehicle Catalogue.csproj", "{B73388BB-A4C6-4A4B-B335-F3372D1BBF1E}"
EndProject
Project("{FAE04EC0-301F-11D3-BF4B-00C04F79EFBC}") = "07. Order by Age", "07. Order by Age\07. Order by Age.csproj", "{D2018BAD-0EA5-425A-AD4C-E5F3DBF437F0}"
EndProject
Project("{2150E333-8FDC-42A3-9474-1A3956D46DE8}") = "Objects and Classes - More Exercise", "Objects and Classes - More Exercise", "{ECA88C2E-264E-46FA-9906-8928AC04073A}"
EndProject
Project("{FAE04EC0-301F-11D3-BF4B-00C04F79EFBC}") = "01. Company Roster", "01. Company Roster\01. Company Roster.csproj", "{F4E73FA1-BF5E-44E5-BAB0-064F55E653FA}"
EndProject
Project("{FAE04EC0-301F-11D3-BF4B-00C04F79EFBC}") = "02. Oldest Family Member", "02. Oldest Family Member\02. Oldest Family Member.csproj", "{FE78B0CF-E447-4DF0-A9EB-9B05E5032EB0}"
EndProject
Project("{FAE04EC0-301F-11D3-BF4B-00C04F79EFBC}") = "03. Speed Racing", "03. Speed Racing\03. Speed Racing.csproj", "{1332F635-9126-4AE2-8DAB-82B999591F34}"
EndProject
Project("{FAE04EC0-301F-11D3-BF4B-00C04F79EFBC}") = "04. Raw Data", "04. Raw Data\04. Raw Data.csproj", "{5C53F762-B9CB-45F2-9FDF-1734DE801212}"
EndProject
Global
	GlobalSection(SolutionConfigurationPlatforms) = preSolution
		Debug|Any CPU = Debug|Any CPU
		Release|Any CPU = Release|Any CPU
	EndGlobalSection
	GlobalSection(ProjectConfigurationPlatforms) = postSolution
		{AF1DBD30-7578-491F-B391-09986BF41375}.Debug|Any CPU.ActiveCfg = Debug|Any CPU
		{AF1DBD30-7578-491F-B391-09986BF41375}.Debug|Any CPU.Build.0 = Debug|Any CPU
		{AF1DBD30-7578-491F-B391-09986BF41375}.Release|Any CPU.ActiveCfg = Release|Any CPU
		{AF1DBD30-7578-491F-B391-09986BF41375}.Release|Any CPU.Build.0 = Release|Any CPU
		{43964B18-C006-4F58-8505-A211363923AE}.Debug|Any CPU.ActiveCfg = Debug|Any CPU
		{43964B18-C006-4F58-8505-A211363923AE}.Debug|Any CPU.Build.0 = Debug|Any CPU
		{43964B18-C006-4F58-8505-A211363923AE}.Release|Any CPU.ActiveCfg = Release|Any CPU
		{43964B18-C006-4F58-8505-A211363923AE}.Release|Any CPU.Build.0 = Release|Any CPU
		{81FD76F2-111E-42A0-8DB7-14D23350BA53}.Debug|Any CPU.ActiveCfg = Debug|Any CPU
		{81FD76F2-111E-42A0-8DB7-14D23350BA53}.Debug|Any CPU.Build.0 = Debug|Any CPU
		{81FD76F2-111E-42A0-8DB7-14D23350BA53}.Release|Any CPU.ActiveCfg = Release|Any CPU
		{81FD76F2-111E-42A0-8DB7-14D23350BA53}.Release|Any CPU.Build.0 = Release|Any CPU
		{187ABDFA-BD64-472F-AC6C-1027E77EC75A}.Debug|Any CPU.ActiveCfg = Debug|Any CPU
		{187ABDFA-BD64-472F-AC6C-1027E77EC75A}.Debug|Any CPU.Build.0 = Debug|Any CPU
		{187ABDFA-BD64-472F-AC6C-1027E77EC75A}.Release|Any CPU.ActiveCfg = Release|Any CPU
		{187ABDFA-BD64-472F-AC6C-1027E77EC75A}.Release|Any CPU.Build.0 = Release|Any CPU
		{A9803E17-4043-4046-9D4D-084E98884274}.Debug|Any CPU.ActiveCfg = Debug|Any CPU
		{A9803E17-4043-4046-9D4D-084E98884274}.Debug|Any CPU.Build.0 = Debug|Any CPU
		{A9803E17-4043-4046-9D4D-084E98884274}.Release|Any CPU.ActiveCfg = Release|Any CPU
		{A9803E17-4043-4046-9D4D-084E98884274}.Release|Any CPU.Build.0 = Release|Any CPU
		{89D2C4E0-8783-495B-8DC0-45AE8394D991}.Debug|Any CPU.ActiveCfg = Debug|Any CPU
		{89D2C4E0-8783-495B-8DC0-45AE8394D991}.Debug|Any CPU.Build.0 = Debug|Any CPU
		{89D2C4E0-8783-495B-8DC0-45AE8394D991}.Release|Any CPU.ActiveCfg = Release|Any CPU
		{89D2C4E0-8783-495B-8DC0-45AE8394D991}.Release|Any CPU.Build.0 = Release|Any CPU
		{B8B7CB69-C0C6-4179-AC5E-8C729D6EA22A}.Debug|Any CPU.ActiveCfg = Debug|Any CPU
		{B8B7CB69-C0C6-4179-AC5E-8C729D6EA22A}.Debug|Any CPU.Build.0 = Debug|Any CPU
		{B8B7CB69-C0C6-4179-AC5E-8C729D6EA22A}.Release|Any CPU.ActiveCfg = Release|Any CPU
		{B8B7CB69-C0C6-4179-AC5E-8C729D6EA22A}.Release|Any CPU.Build.0 = Release|Any CPU
		{EDF8AED7-4F25-42CC-8453-B277E181AA00}.Debug|Any CPU.ActiveCfg = Debug|Any CPU
		{EDF8AED7-4F25-42CC-8453-B277E181AA00}.Debug|Any CPU.Build.0 = Debug|Any CPU
		{EDF8AED7-4F25-42CC-8453-B277E181AA00}.Release|Any CPU.ActiveCfg = Release|Any CPU
		{EDF8AED7-4F25-42CC-8453-B277E181AA00}.Release|Any CPU.Build.0 = Release|Any CPU
		{B1E73746-3E12-40EE-9F82-F7DE5AB706B5}.Debug|Any CPU.ActiveCfg = Debug|Any CPU
		{B1E73746-3E12-40EE-9F82-F7DE5AB706B5}.Debug|Any CPU.Build.0 = Debug|Any CPU
		{B1E73746-3E12-40EE-9F82-F7DE5AB706B5}.Release|Any CPU.ActiveCfg = Release|Any CPU
		{B1E73746-3E12-40EE-9F82-F7DE5AB706B5}.Release|Any CPU.Build.0 = Release|Any CPU
		{4D0280B6-CB02-4D98-954E-34D47E3EF599}.Debug|Any CPU.ActiveCfg = Debug|Any CPU
		{4D0280B6-CB02-4D98-954E-34D47E3EF599}.Debug|Any CPU.Build.0 = Debug|Any CPU
		{4D0280B6-CB02-4D98-954E-34D47E3EF599}.Release|Any CPU.ActiveCfg = Release|Any CPU
		{4D0280B6-CB02-4D98-954E-34D47E3EF599}.Release|Any CPU.Build.0 = Release|Any CPU
		{8DD3D254-CC5A-40E2-ADCB-0B1F2104F72E}.Debug|Any CPU.ActiveCfg = Debug|Any CPU
		{8DD3D254-CC5A-40E2-ADCB-0B1F2104F72E}.Debug|Any CPU.Build.0 = Debug|Any CPU
		{8DD3D254-CC5A-40E2-ADCB-0B1F2104F72E}.Release|Any CPU.ActiveCfg = Release|Any CPU
		{8DD3D254-CC5A-40E2-ADCB-0B1F2104F72E}.Release|Any CPU.Build.0 = Release|Any CPU
		{D3C39C17-264E-4F38-B6FA-D83509FB1ABE}.Debug|Any CPU.ActiveCfg = Debug|Any CPU
		{D3C39C17-264E-4F38-B6FA-D83509FB1ABE}.Debug|Any CPU.Build.0 = Debug|Any CPU
		{D3C39C17-264E-4F38-B6FA-D83509FB1ABE}.Release|Any CPU.ActiveCfg = Release|Any CPU
		{D3C39C17-264E-4F38-B6FA-D83509FB1ABE}.Release|Any CPU.Build.0 = Release|Any CPU
		{F2FBF22C-E67C-44D7-ACE3-C64A5E635873}.Debug|Any CPU.ActiveCfg = Debug|Any CPU
		{F2FBF22C-E67C-44D7-ACE3-C64A5E635873}.Debug|Any CPU.Build.0 = Debug|Any CPU
		{F2FBF22C-E67C-44D7-ACE3-C64A5E635873}.Release|Any CPU.ActiveCfg = Release|Any CPU
		{F2FBF22C-E67C-44D7-ACE3-C64A5E635873}.Release|Any CPU.Build.0 = Release|Any CPU
		{B73388BB-A4C6-4A4B-B335-F3372D1BBF1E}.Debug|Any CPU.ActiveCfg = Debug|Any CPU
		{B73388BB-A4C6-4A4B-B335-F3372D1BBF1E}.Debug|Any CPU.Build.0 = Debug|Any CPU
		{B73388BB-A4C6-4A4B-B335-F3372D1BBF1E}.Release|Any CPU.ActiveCfg = Release|Any CPU
		{B73388BB-A4C6-4A4B-B335-F3372D1BBF1E}.Release|Any CPU.Build.0 = Release|Any CPU
		{D2018BAD-0EA5-425A-AD4C-E5F3DBF437F0}.Debug|Any CPU.ActiveCfg = Debug|Any CPU
		{D2018BAD-0EA5-425A-AD4C-E5F3DBF437F0}.Debug|Any CPU.Build.0 = Debug|Any CPU
		{D2018BAD-0EA5-425A-AD4C-E5F3DBF437F0}.Release|Any CPU.ActiveCfg = Release|Any CPU
		{D2018BAD-0EA5-425A-AD4C-E5F3DBF437F0}.Release|Any CPU.Build.0 = Release|Any CPU
		{F4E73FA1-BF5E-44E5-BAB0-064F55E653FA}.Debug|Any CPU.ActiveCfg = Debug|Any CPU
		{F4E73FA1-BF5E-44E5-BAB0-064F55E653FA}.Debug|Any CPU.Build.0 = Debug|Any CPU
		{F4E73FA1-BF5E-44E5-BAB0-064F55E653FA}.Release|Any CPU.ActiveCfg = Release|Any CPU
		{F4E73FA1-BF5E-44E5-BAB0-064F55E653FA}.Release|Any CPU.Build.0 = Release|Any CPU
		{FE78B0CF-E447-4DF0-A9EB-9B05E5032EB0}.Debug|Any CPU.ActiveCfg = Debug|Any CPU
		{FE78B0CF-E447-4DF0-A9EB-9B05E5032EB0}.Debug|Any CPU.Build.0 = Debug|Any CPU
		{FE78B0CF-E447-4DF0-A9EB-9B05E5032EB0}.Release|Any CPU.ActiveCfg = Release|Any CPU
		{FE78B0CF-E447-4DF0-A9EB-9B05E5032EB0}.Release|Any CPU.Build.0 = Release|Any CPU
		{1332F635-9126-4AE2-8DAB-82B999591F34}.Debug|Any CPU.ActiveCfg = Debug|Any CPU
		{1332F635-9126-4AE2-8DAB-82B999591F34}.Debug|Any CPU.Build.0 = Debug|Any CPU
		{1332F635-9126-4AE2-8DAB-82B999591F34}.Release|Any CPU.ActiveCfg = Release|Any CPU
		{1332F635-9126-4AE2-8DAB-82B999591F34}.Release|Any CPU.Build.0 = Release|Any CPU
		{5C53F762-B9CB-45F2-9FDF-1734DE801212}.Debug|Any CPU.ActiveCfg = Debug|Any CPU
		{5C53F762-B9CB-45F2-9FDF-1734DE801212}.Debug|Any CPU.Build.0 = Debug|Any CPU
		{5C53F762-B9CB-45F2-9FDF-1734DE801212}.Release|Any CPU.ActiveCfg = Release|Any CPU
		{5C53F762-B9CB-45F2-9FDF-1734DE801212}.Release|Any CPU.Build.0 = Release|Any CPU
	EndGlobalSection
	GlobalSection(SolutionProperties) = preSolution
		HideSolutionNode = FALSE
	EndGlobalSection
	GlobalSection(NestedProjects) = preSolution
		{AF1DBD30-7578-491F-B391-09986BF41375} = {0DE5BD08-5D36-45A8-AE02-9E57D748061E}
		{43964B18-C006-4F58-8505-A211363923AE} = {0DE5BD08-5D36-45A8-AE02-9E57D748061E}
		{81FD76F2-111E-42A0-8DB7-14D23350BA53} = {0DE5BD08-5D36-45A8-AE02-9E57D748061E}
		{187ABDFA-BD64-472F-AC6C-1027E77EC75A} = {0DE5BD08-5D36-45A8-AE02-9E57D748061E}
		{A9803E17-4043-4046-9D4D-084E98884274} = {0DE5BD08-5D36-45A8-AE02-9E57D748061E}
		{89D2C4E0-8783-495B-8DC0-45AE8394D991} = {0DE5BD08-5D36-45A8-AE02-9E57D748061E}
		{B8B7CB69-C0C6-4179-AC5E-8C729D6EA22A} = {0DE5BD08-5D36-45A8-AE02-9E57D748061E}
		{EDF8AED7-4F25-42CC-8453-B277E181AA00} = {0DE5BD08-5D36-45A8-AE02-9E57D748061E}
		{B1E73746-3E12-40EE-9F82-F7DE5AB706B5} = {6AE0A867-B649-4618-B4BB-2C300B430E92}
		{4D0280B6-CB02-4D98-954E-34D47E3EF599} = {6AE0A867-B649-4618-B4BB-2C300B430E92}
		{8DD3D254-CC5A-40E2-ADCB-0B1F2104F72E} = {6AE0A867-B649-4618-B4BB-2C300B430E92}
		{D3C39C17-264E-4F38-B6FA-D83509FB1ABE} = {6AE0A867-B649-4618-B4BB-2C300B430E92}
		{F2FBF22C-E67C-44D7-ACE3-C64A5E635873} = {6AE0A867-B649-4618-B4BB-2C300B430E92}
		{B73388BB-A4C6-4A4B-B335-F3372D1BBF1E} = {6AE0A867-B649-4618-B4BB-2C300B430E92}
		{D2018BAD-0EA5-425A-AD4C-E5F3DBF437F0} = {6AE0A867-B649-4618-B4BB-2C300B430E92}
		{F4E73FA1-BF5E-44E5-BAB0-064F55E653FA} = {ECA88C2E-264E-46FA-9906-8928AC04073A}
		{FE78B0CF-E447-4DF0-A9EB-9B05E5032EB0} = {ECA88C2E-264E-46FA-9906-8928AC04073A}
		{1332F635-9126-4AE2-8DAB-82B999591F34} = {ECA88C2E-264E-46FA-9906-8928AC04073A}
		{5C53F762-B9CB-45F2-9FDF-1734DE801212} = {ECA88C2E-264E-46FA-9906-8928AC04073A}
	EndGlobalSection
	GlobalSection(ExtensibilityGlobals) = postSolution
		SolutionGuid = {2F9070D2-EE03-4B9B-9C34-B47C3C623557}
	EndGlobalSection
EndGlobal
