
Microsoft Visual Studio Solution File, Format Version 12.00
# Visual Studio 15
VisualStudioVersion = 15.0.28307.572
MinimumVisualStudioVersion = 10.0.40219.1
Project("{2150E333-8FDC-42A3-9474-1A3956D46DE8}") = "Advanced Exam - 17 Feb 2019", "Advanced Exam - 17 Feb 2019", "{40318045-CDEB-41D1-B0E4-FCE420AC8C09}"
EndProject
Project("{9A19103F-16F7-4668-BE54-9A1E7A4F7556}") = "01. Socks", "01. Socks\01. Socks.csproj", "{FAD0F9D2-91D5-4AAD-BD7A-44409728D134}"
EndProject
Project("{9A19103F-16F7-4668-BE54-9A1E7A4F7556}") = "02. Excel Functions", "02. Excel Functions\02. Excel Functions.csproj", "{6856BF25-5579-4082-8216-1FA81113C92A}"
EndProject
Project("{9A19103F-16F7-4668-BE54-9A1E7A4F7556}") = "Repository", "Repository\Repository.csproj", "{C7F13116-D142-4459-B1AB-142117968D64}"
EndProject
Project("{2150E333-8FDC-42A3-9474-1A3956D46DE8}") = "Advanced Exam - 24 February 2019", "Advanced Exam - 24 February 2019", "{623AD6CC-BBEE-4EF0-9905-E13D9CC2B5C6}"
EndProject
Project("{9A19103F-16F7-4668-BE54-9A1E7A4F7556}") = "01. Club Party", "01. Club Party\01. Club Party.csproj", "{3BDEAE39-EBD4-4F21-B493-06D79B5B843C}"
EndProject
Project("{9A19103F-16F7-4668-BE54-9A1E7A4F7556}") = "02. Tron Racers", "02. Tron Racers\02. Tron Racers.csproj", "{9C673944-FF9D-4CE0-AB6B-09AF5CBB21DE}"
EndProject
Project("{9A19103F-16F7-4668-BE54-9A1E7A4F7556}") = "Heroes", "Heroes\Heroes.csproj", "{4764535D-960A-4F5B-9CFE-D2DEB7C23A39}"
EndProject
Project("{2150E333-8FDC-42A3-9474-1A3956D46DE8}") = "Advanced Retake Exam - 16 April 2019", "Advanced Retake Exam - 16 April 2019", "{4D746697-A049-4181-A6FE-409D7F0B0923}"
EndProject
Project("{9A19103F-16F7-4668-BE54-9A1E7A4F7556}") = "01. Trojan Invasion", "01. Trojan Invasion\01. Trojan Invasion.csproj", "{7E66CD8B-4D5D-44B1-BF16-D789DBBDB518}"
EndProject
Project("{FAE04EC0-301F-11D3-BF4B-00C04F79EFBC}") = "02. Helen's Abduction", "02. Helen's Abduction\02. Helen's Abduction.csproj", "{4E335DDE-3AF5-4818-AE4F-616555D75040}"
EndProject
Project("{FAE04EC0-301F-11D3-BF4B-00C04F79EFBC}") = "FightingArena", "FightingArena\FightingArena.csproj", "{50ACB810-F573-49EB-8444-DEEC83207A31}"
EndProject
Project("{2150E333-8FDC-42A3-9474-1A3956D46DE8}") = "Advanced Exam - 23 June 2019", "Advanced Exam - 23 June 2019", "{EE9DDDDB-D440-4C98-8AF6-09CE66079D3F}"
EndProject
Project("{FAE04EC0-301F-11D3-BF4B-00C04F79EFBC}") = "01. Spaceship Crafting", "01. Spaceship Crafting\01. Spaceship Crafting.csproj", "{E4B89768-5E0F-49EC-8E0F-F5E5C0C85616}"
EndProject
Project("{FAE04EC0-301F-11D3-BF4B-00C04F79EFBC}") = "03. Space Station Establishment", "03. Space Station Establishment\03. Space Station Establishment.csproj", "{D75F82A8-7CD8-4B31-9BD7-95AEB0BA5248}"
EndProject
Project("{FAE04EC0-301F-11D3-BF4B-00C04F79EFBC}") = "SpaceStationRecruitment", "SpaceStationRecruitment\SpaceStationRecruitment.csproj", "{31041E58-CA8C-4D3C-A678-827558D3ECB9}"
EndProject
Project("{2150E333-8FDC-42A3-9474-1A3956D46DE8}") = "Exam - 26 October 2019", "Exam - 26 October 2019", "{BBB4EE30-8D4A-47F9-A5C1-AC21EE164189}"
EndProject
Project("{FAE04EC0-301F-11D3-BF4B-00C04F79EFBC}") = "One", "One\One.csproj", "{7613B4B8-AF5F-438B-A23E-9D32123ADC01}"
EndProject
Project("{FAE04EC0-301F-11D3-BF4B-00C04F79EFBC}") = "Two", "Two\Two.csproj", "{5627E841-C159-4CDE-AEFA-5DA8668C15F0}"
EndProject
Project("{FAE04EC0-301F-11D3-BF4B-00C04F79EFBC}") = "Rabbits", "Rabbits\Rabbits.csproj", "{DAB9582A-F39D-4240-9127-FE68E41D0B7E}"
EndProject
Global
	GlobalSection(SolutionConfigurationPlatforms) = preSolution
		Debug|Any CPU = Debug|Any CPU
		Release|Any CPU = Release|Any CPU
	EndGlobalSection
	GlobalSection(ProjectConfigurationPlatforms) = postSolution
		{FAD0F9D2-91D5-4AAD-BD7A-44409728D134}.Debug|Any CPU.ActiveCfg = Debug|Any CPU
		{FAD0F9D2-91D5-4AAD-BD7A-44409728D134}.Debug|Any CPU.Build.0 = Debug|Any CPU
		{FAD0F9D2-91D5-4AAD-BD7A-44409728D134}.Release|Any CPU.ActiveCfg = Release|Any CPU
		{FAD0F9D2-91D5-4AAD-BD7A-44409728D134}.Release|Any CPU.Build.0 = Release|Any CPU
		{6856BF25-5579-4082-8216-1FA81113C92A}.Debug|Any CPU.ActiveCfg = Debug|Any CPU
		{6856BF25-5579-4082-8216-1FA81113C92A}.Debug|Any CPU.Build.0 = Debug|Any CPU
		{6856BF25-5579-4082-8216-1FA81113C92A}.Release|Any CPU.ActiveCfg = Release|Any CPU
		{6856BF25-5579-4082-8216-1FA81113C92A}.Release|Any CPU.Build.0 = Release|Any CPU
		{C7F13116-D142-4459-B1AB-142117968D64}.Debug|Any CPU.ActiveCfg = Debug|Any CPU
		{C7F13116-D142-4459-B1AB-142117968D64}.Debug|Any CPU.Build.0 = Debug|Any CPU
		{C7F13116-D142-4459-B1AB-142117968D64}.Release|Any CPU.ActiveCfg = Release|Any CPU
		{C7F13116-D142-4459-B1AB-142117968D64}.Release|Any CPU.Build.0 = Release|Any CPU
		{3BDEAE39-EBD4-4F21-B493-06D79B5B843C}.Debug|Any CPU.ActiveCfg = Debug|Any CPU
		{3BDEAE39-EBD4-4F21-B493-06D79B5B843C}.Debug|Any CPU.Build.0 = Debug|Any CPU
		{3BDEAE39-EBD4-4F21-B493-06D79B5B843C}.Release|Any CPU.ActiveCfg = Release|Any CPU
		{3BDEAE39-EBD4-4F21-B493-06D79B5B843C}.Release|Any CPU.Build.0 = Release|Any CPU
		{9C673944-FF9D-4CE0-AB6B-09AF5CBB21DE}.Debug|Any CPU.ActiveCfg = Debug|Any CPU
		{9C673944-FF9D-4CE0-AB6B-09AF5CBB21DE}.Debug|Any CPU.Build.0 = Debug|Any CPU
		{9C673944-FF9D-4CE0-AB6B-09AF5CBB21DE}.Release|Any CPU.ActiveCfg = Release|Any CPU
		{9C673944-FF9D-4CE0-AB6B-09AF5CBB21DE}.Release|Any CPU.Build.0 = Release|Any CPU
		{4764535D-960A-4F5B-9CFE-D2DEB7C23A39}.Debug|Any CPU.ActiveCfg = Debug|Any CPU
		{4764535D-960A-4F5B-9CFE-D2DEB7C23A39}.Debug|Any CPU.Build.0 = Debug|Any CPU
		{4764535D-960A-4F5B-9CFE-D2DEB7C23A39}.Release|Any CPU.ActiveCfg = Release|Any CPU
		{4764535D-960A-4F5B-9CFE-D2DEB7C23A39}.Release|Any CPU.Build.0 = Release|Any CPU
		{7E66CD8B-4D5D-44B1-BF16-D789DBBDB518}.Debug|Any CPU.ActiveCfg = Debug|Any CPU
		{7E66CD8B-4D5D-44B1-BF16-D789DBBDB518}.Debug|Any CPU.Build.0 = Debug|Any CPU
		{7E66CD8B-4D5D-44B1-BF16-D789DBBDB518}.Release|Any CPU.ActiveCfg = Release|Any CPU
		{7E66CD8B-4D5D-44B1-BF16-D789DBBDB518}.Release|Any CPU.Build.0 = Release|Any CPU
		{4E335DDE-3AF5-4818-AE4F-616555D75040}.Debug|Any CPU.ActiveCfg = Debug|Any CPU
		{4E335DDE-3AF5-4818-AE4F-616555D75040}.Debug|Any CPU.Build.0 = Debug|Any CPU
		{4E335DDE-3AF5-4818-AE4F-616555D75040}.Release|Any CPU.ActiveCfg = Release|Any CPU
		{4E335DDE-3AF5-4818-AE4F-616555D75040}.Release|Any CPU.Build.0 = Release|Any CPU
		{50ACB810-F573-49EB-8444-DEEC83207A31}.Debug|Any CPU.ActiveCfg = Debug|Any CPU
		{50ACB810-F573-49EB-8444-DEEC83207A31}.Debug|Any CPU.Build.0 = Debug|Any CPU
		{50ACB810-F573-49EB-8444-DEEC83207A31}.Release|Any CPU.ActiveCfg = Release|Any CPU
		{50ACB810-F573-49EB-8444-DEEC83207A31}.Release|Any CPU.Build.0 = Release|Any CPU
		{E4B89768-5E0F-49EC-8E0F-F5E5C0C85616}.Debug|Any CPU.ActiveCfg = Debug|Any CPU
		{E4B89768-5E0F-49EC-8E0F-F5E5C0C85616}.Debug|Any CPU.Build.0 = Debug|Any CPU
		{E4B89768-5E0F-49EC-8E0F-F5E5C0C85616}.Release|Any CPU.ActiveCfg = Release|Any CPU
		{E4B89768-5E0F-49EC-8E0F-F5E5C0C85616}.Release|Any CPU.Build.0 = Release|Any CPU
		{D75F82A8-7CD8-4B31-9BD7-95AEB0BA5248}.Debug|Any CPU.ActiveCfg = Debug|Any CPU
		{D75F82A8-7CD8-4B31-9BD7-95AEB0BA5248}.Debug|Any CPU.Build.0 = Debug|Any CPU
		{D75F82A8-7CD8-4B31-9BD7-95AEB0BA5248}.Release|Any CPU.ActiveCfg = Release|Any CPU
		{D75F82A8-7CD8-4B31-9BD7-95AEB0BA5248}.Release|Any CPU.Build.0 = Release|Any CPU
		{31041E58-CA8C-4D3C-A678-827558D3ECB9}.Debug|Any CPU.ActiveCfg = Debug|Any CPU
		{31041E58-CA8C-4D3C-A678-827558D3ECB9}.Debug|Any CPU.Build.0 = Debug|Any CPU
		{31041E58-CA8C-4D3C-A678-827558D3ECB9}.Release|Any CPU.ActiveCfg = Release|Any CPU
		{31041E58-CA8C-4D3C-A678-827558D3ECB9}.Release|Any CPU.Build.0 = Release|Any CPU
		{7613B4B8-AF5F-438B-A23E-9D32123ADC01}.Debug|Any CPU.ActiveCfg = Debug|Any CPU
		{7613B4B8-AF5F-438B-A23E-9D32123ADC01}.Debug|Any CPU.Build.0 = Debug|Any CPU
		{7613B4B8-AF5F-438B-A23E-9D32123ADC01}.Release|Any CPU.ActiveCfg = Release|Any CPU
		{7613B4B8-AF5F-438B-A23E-9D32123ADC01}.Release|Any CPU.Build.0 = Release|Any CPU
		{5627E841-C159-4CDE-AEFA-5DA8668C15F0}.Debug|Any CPU.ActiveCfg = Debug|Any CPU
		{5627E841-C159-4CDE-AEFA-5DA8668C15F0}.Debug|Any CPU.Build.0 = Debug|Any CPU
		{5627E841-C159-4CDE-AEFA-5DA8668C15F0}.Release|Any CPU.ActiveCfg = Release|Any CPU
		{5627E841-C159-4CDE-AEFA-5DA8668C15F0}.Release|Any CPU.Build.0 = Release|Any CPU
		{DAB9582A-F39D-4240-9127-FE68E41D0B7E}.Debug|Any CPU.ActiveCfg = Debug|Any CPU
		{DAB9582A-F39D-4240-9127-FE68E41D0B7E}.Debug|Any CPU.Build.0 = Debug|Any CPU
		{DAB9582A-F39D-4240-9127-FE68E41D0B7E}.Release|Any CPU.ActiveCfg = Release|Any CPU
		{DAB9582A-F39D-4240-9127-FE68E41D0B7E}.Release|Any CPU.Build.0 = Release|Any CPU
	EndGlobalSection
	GlobalSection(SolutionProperties) = preSolution
		HideSolutionNode = FALSE
	EndGlobalSection
	GlobalSection(NestedProjects) = preSolution
		{FAD0F9D2-91D5-4AAD-BD7A-44409728D134} = {40318045-CDEB-41D1-B0E4-FCE420AC8C09}
		{6856BF25-5579-4082-8216-1FA81113C92A} = {40318045-CDEB-41D1-B0E4-FCE420AC8C09}
		{C7F13116-D142-4459-B1AB-142117968D64} = {40318045-CDEB-41D1-B0E4-FCE420AC8C09}
		{3BDEAE39-EBD4-4F21-B493-06D79B5B843C} = {623AD6CC-BBEE-4EF0-9905-E13D9CC2B5C6}
		{9C673944-FF9D-4CE0-AB6B-09AF5CBB21DE} = {623AD6CC-BBEE-4EF0-9905-E13D9CC2B5C6}
		{4764535D-960A-4F5B-9CFE-D2DEB7C23A39} = {623AD6CC-BBEE-4EF0-9905-E13D9CC2B5C6}
		{7E66CD8B-4D5D-44B1-BF16-D789DBBDB518} = {4D746697-A049-4181-A6FE-409D7F0B0923}
		{4E335DDE-3AF5-4818-AE4F-616555D75040} = {4D746697-A049-4181-A6FE-409D7F0B0923}
		{50ACB810-F573-49EB-8444-DEEC83207A31} = {4D746697-A049-4181-A6FE-409D7F0B0923}
		{E4B89768-5E0F-49EC-8E0F-F5E5C0C85616} = {EE9DDDDB-D440-4C98-8AF6-09CE66079D3F}
		{D75F82A8-7CD8-4B31-9BD7-95AEB0BA5248} = {EE9DDDDB-D440-4C98-8AF6-09CE66079D3F}
		{31041E58-CA8C-4D3C-A678-827558D3ECB9} = {EE9DDDDB-D440-4C98-8AF6-09CE66079D3F}
		{7613B4B8-AF5F-438B-A23E-9D32123ADC01} = {BBB4EE30-8D4A-47F9-A5C1-AC21EE164189}
		{5627E841-C159-4CDE-AEFA-5DA8668C15F0} = {BBB4EE30-8D4A-47F9-A5C1-AC21EE164189}
		{DAB9582A-F39D-4240-9127-FE68E41D0B7E} = {BBB4EE30-8D4A-47F9-A5C1-AC21EE164189}
	EndGlobalSection
	GlobalSection(ExtensibilityGlobals) = postSolution
		SolutionGuid = {5484EC29-1BFE-4B4A-B4D8-7918D11BCC07}
	EndGlobalSection
EndGlobal
